// !$*UTF8*$!
{
	archiveVersion = 1;
	classes = {
	};
	objectVersion = 51;
	objects = {

/* Begin PBXBuildFile section */
		007D424E25206047009DF234 /* GuestHome.swift in Sources */ = {isa = PBXBuildFile; fileRef = 007D424D25206047009DF234 /* GuestHome.swift */; };
		007D4253252063FC009DF234 /* GuestAcount.swift in Sources */ = {isa = PBXBuildFile; fileRef = 007D4252252063FC009DF234 /* GuestAcount.swift */; };
		00BC643E2522209D00DE63BC /* GuestSearch.swift in Sources */ = {isa = PBXBuildFile; fileRef = 00BC643D2522209D00DE63BC /* GuestSearch.swift */; };
		00BC6443252221BB00DE63BC /* GuestList.swift in Sources */ = {isa = PBXBuildFile; fileRef = 00BC6442252221BB00DE63BC /* GuestList.swift */; };
		00EAB14B251FB8750081CF96 /* Home.swift in Sources */ = {isa = PBXBuildFile; fileRef = 00EAB14A251FB8750081CF96 /* Home.swift */; };
		00EAB150251FBBFA0081CF96 /* Search.swift in Sources */ = {isa = PBXBuildFile; fileRef = 00EAB14F251FBBFA0081CF96 /* Search.swift */; };
		00EAB155251FC18F0081CF96 /* News.swift in Sources */ = {isa = PBXBuildFile; fileRef = 00EAB154251FC18F0081CF96 /* News.swift */; };
		00EAB15A251FCFB40081CF96 /* List.swift in Sources */ = {isa = PBXBuildFile; fileRef = 00EAB159251FCFB40081CF96 /* List.swift */; };
		00EAB167251FD28C0081CF96 /* Acount.swift in Sources */ = {isa = PBXBuildFile; fileRef = 00EAB166251FD28C0081CF96 /* Acount.swift */; };
		00EAB16C251FD9210081CF96 /* Option.swift in Sources */ = {isa = PBXBuildFile; fileRef = 00EAB16B251FD9210081CF96 /* Option.swift */; };
		00EAB171251FDB550081CF96 /* RequestForm.swift in Sources */ = {isa = PBXBuildFile; fileRef = 00EAB170251FDB550081CF96 /* RequestForm.swift */; };
		00EAB176251FDE120081CF96 /* RequestEnd.swift in Sources */ = {isa = PBXBuildFile; fileRef = 00EAB175251FDE120081CF96 /* RequestEnd.swift */; };
		7A52841234E07136035E4AB3 /* Pods_ResnsTests.framework in Frameworks */ = {isa = PBXBuildFile; fileRef = 769996D1C1B9B027A0170A40 /* Pods_ResnsTests.framework */; };
		AB260A28251F6E2800964D8D /* Signup.swift in Sources */ = {isa = PBXBuildFile; fileRef = AB260A27251F6E2800964D8D /* Signup.swift */; };
		AB260A30251F7CB200964D8D /* GenreSelect.swift in Sources */ = {isa = PBXBuildFile; fileRef = AB260A2F251F7CB200964D8D /* GenreSelect.swift */; };
		AB260A38251F917F00964D8D /* GenderSelect.swift in Sources */ = {isa = PBXBuildFile; fileRef = AB260A37251F917F00964D8D /* GenderSelect.swift */; };
		AB260A40251F921A00964D8D /* BirthdaySetting.swift in Sources */ = {isa = PBXBuildFile; fileRef = AB260A3F251F921A00964D8D /* BirthdaySetting.swift */; };
		AB260A48251F9A6B00964D8D /* Checksettings.swift in Sources */ = {isa = PBXBuildFile; fileRef = AB260A47251F9A6B00964D8D /* Checksettings.swift */; };
		ABD49880251E2C950067AD73 /* AppDelegate.swift in Sources */ = {isa = PBXBuildFile; fileRef = ABD4987F251E2C950067AD73 /* AppDelegate.swift */; };
		ABD49882251E2C950067AD73 /* SceneDelegate.swift in Sources */ = {isa = PBXBuildFile; fileRef = ABD49881251E2C950067AD73 /* SceneDelegate.swift */; };
		ABD49884251E2C950067AD73 /* ViewController.swift in Sources */ = {isa = PBXBuildFile; fileRef = ABD49883251E2C950067AD73 /* ViewController.swift */; };
		ABD49887251E2C950067AD73 /* Main.storyboard in Resources */ = {isa = PBXBuildFile; fileRef = ABD49885251E2C950067AD73 /* Main.storyboard */; };
		ABD49889251E2C960067AD73 /* Assets.xcassets in Resources */ = {isa = PBXBuildFile; fileRef = ABD49888251E2C960067AD73 /* Assets.xcassets */; };
		ABD4988C251E2C960067AD73 /* LaunchScreen.storyboard in Resources */ = {isa = PBXBuildFile; fileRef = ABD4988A251E2C960067AD73 /* LaunchScreen.storyboard */; };
		ABD49897251E2C960067AD73 /* ResnsTests.swift in Sources */ = {isa = PBXBuildFile; fileRef = ABD49896251E2C960067AD73 /* ResnsTests.swift */; };
		ABD498A2251E2C960067AD73 /* ResnsUITests.swift in Sources */ = {isa = PBXBuildFile; fileRef = ABD498A1251E2C960067AD73 /* ResnsUITests.swift */; };
		BE0A2A6DD949BC5EA963E3B5 /* Pods_Resns.framework in Frameworks */ = {isa = PBXBuildFile; fileRef = D077DB4AF292486DDDEC7DB5 /* Pods_Resns.framework */; };
		E45E3BECECF3372FF728CF26 /* Pods_Resns_ResnsUITests.framework in Frameworks */ = {isa = PBXBuildFile; fileRef = 3EF0468D485BE94E3A9DD23E /* Pods_Resns_ResnsUITests.framework */; };
/* End PBXBuildFile section */

/* Begin PBXContainerItemProxy section */
		ABD49893251E2C960067AD73 /* PBXContainerItemProxy */ = {
			isa = PBXContainerItemProxy;
			containerPortal = ABD49874251E2C950067AD73 /* Project object */;
			proxyType = 1;
			remoteGlobalIDString = ABD4987B251E2C950067AD73;
			remoteInfo = Resns;
		};
		ABD4989E251E2C960067AD73 /* PBXContainerItemProxy */ = {
			isa = PBXContainerItemProxy;
			containerPortal = ABD49874251E2C950067AD73 /* Project object */;
			proxyType = 1;
			remoteGlobalIDString = ABD4987B251E2C950067AD73;
			remoteInfo = Resns;
		};
/* End PBXContainerItemProxy section */

/* Begin PBXFileReference section */
		007D424D25206047009DF234 /* GuestHome.swift */ = {isa = PBXFileReference; lastKnownFileType = sourcecode.swift; path = GuestHome.swift; sourceTree = "<group>"; };
		007D4252252063FC009DF234 /* GuestAcount.swift */ = {isa = PBXFileReference; lastKnownFileType = sourcecode.swift; path = GuestAcount.swift; sourceTree = "<group>"; };
		00BC643D2522209D00DE63BC /* GuestSearch.swift */ = {isa = PBXFileReference; lastKnownFileType = sourcecode.swift; path = GuestSearch.swift; sourceTree = "<group>"; };
		00BC6442252221BB00DE63BC /* GuestList.swift */ = {isa = PBXFileReference; lastKnownFileType = sourcecode.swift; path = GuestList.swift; sourceTree = "<group>"; };
		00EAB14A251FB8750081CF96 /* Home.swift */ = {isa = PBXFileReference; lastKnownFileType = sourcecode.swift; path = Home.swift; sourceTree = "<group>"; };
		00EAB14F251FBBFA0081CF96 /* Search.swift */ = {isa = PBXFileReference; lastKnownFileType = sourcecode.swift; path = Search.swift; sourceTree = "<group>"; };
		00EAB154251FC18F0081CF96 /* News.swift */ = {isa = PBXFileReference; lastKnownFileType = sourcecode.swift; path = News.swift; sourceTree = "<group>"; };
		00EAB159251FCFB40081CF96 /* List.swift */ = {isa = PBXFileReference; lastKnownFileType = sourcecode.swift; path = List.swift; sourceTree = "<group>"; };
		00EAB166251FD28C0081CF96 /* Acount.swift */ = {isa = PBXFileReference; lastKnownFileType = sourcecode.swift; path = Acount.swift; sourceTree = "<group>"; };
		00EAB16B251FD9210081CF96 /* Option.swift */ = {isa = PBXFileReference; lastKnownFileType = sourcecode.swift; path = Option.swift; sourceTree = "<group>"; };
		00EAB170251FDB550081CF96 /* RequestForm.swift */ = {isa = PBXFileReference; lastKnownFileType = sourcecode.swift; path = RequestForm.swift; sourceTree = "<group>"; };
		00EAB175251FDE120081CF96 /* RequestEnd.swift */ = {isa = PBXFileReference; lastKnownFileType = sourcecode.swift; path = RequestEnd.swift; sourceTree = "<group>"; };
		1F5D48CA4B93F6D016B454D4 /* Pods-Resns.debug.xcconfig */ = {isa = PBXFileReference; includeInIndex = 1; lastKnownFileType = text.xcconfig; name = "Pods-Resns.debug.xcconfig"; path = "Target Support Files/Pods-Resns/Pods-Resns.debug.xcconfig"; sourceTree = "<group>"; };
		261F136D8DF01CE73F8AB847 /* Pods-ResnsTests.release.xcconfig */ = {isa = PBXFileReference; includeInIndex = 1; lastKnownFileType = text.xcconfig; name = "Pods-ResnsTests.release.xcconfig"; path = "Target Support Files/Pods-ResnsTests/Pods-ResnsTests.release.xcconfig"; sourceTree = "<group>"; };
		3EF0468D485BE94E3A9DD23E /* Pods_Resns_ResnsUITests.framework */ = {isa = PBXFileReference; explicitFileType = wrapper.framework; includeInIndex = 0; path = Pods_Resns_ResnsUITests.framework; sourceTree = BUILT_PRODUCTS_DIR; };
		769996D1C1B9B027A0170A40 /* Pods_ResnsTests.framework */ = {isa = PBXFileReference; explicitFileType = wrapper.framework; includeInIndex = 0; path = Pods_ResnsTests.framework; sourceTree = BUILT_PRODUCTS_DIR; };
		862CBB58463E5EC7CEE30800 /* Pods-Resns.release.xcconfig */ = {isa = PBXFileReference; includeInIndex = 1; lastKnownFileType = text.xcconfig; name = "Pods-Resns.release.xcconfig"; path = "Target Support Files/Pods-Resns/Pods-Resns.release.xcconfig"; sourceTree = "<group>"; };
		8CD948E4A06F5501C498D5A4 /* Pods-ResnsTests.debug.xcconfig */ = {isa = PBXFileReference; includeInIndex = 1; lastKnownFileType = text.xcconfig; name = "Pods-ResnsTests.debug.xcconfig"; path = "Target Support Files/Pods-ResnsTests/Pods-ResnsTests.debug.xcconfig"; sourceTree = "<group>"; };
		9B479147AD893DDC30196A3C /* Pods-Resns-ResnsUITests.release.xcconfig */ = {isa = PBXFileReference; includeInIndex = 1; lastKnownFileType = text.xcconfig; name = "Pods-Resns-ResnsUITests.release.xcconfig"; path = "Target Support Files/Pods-Resns-ResnsUITests/Pods-Resns-ResnsUITests.release.xcconfig"; sourceTree = "<group>"; };
		9F109DD5771466BB76D0B9F1 /* Pods-Resns-ResnsUITests.debug.xcconfig */ = {isa = PBXFileReference; includeInIndex = 1; lastKnownFileType = text.xcconfig; name = "Pods-Resns-ResnsUITests.debug.xcconfig"; path = "Target Support Files/Pods-Resns-ResnsUITests/Pods-Resns-ResnsUITests.debug.xcconfig"; sourceTree = "<group>"; };
		AB260A27251F6E2800964D8D /* Signup.swift */ = {isa = PBXFileReference; lastKnownFileType = sourcecode.swift; path = Signup.swift; sourceTree = "<group>"; };
		AB260A2F251F7CB200964D8D /* GenreSelect.swift */ = {isa = PBXFileReference; lastKnownFileType = sourcecode.swift; path = GenreSelect.swift; sourceTree = "<group>"; };
		AB260A37251F917F00964D8D /* GenderSelect.swift */ = {isa = PBXFileReference; lastKnownFileType = sourcecode.swift; path = GenderSelect.swift; sourceTree = "<group>"; };
		AB260A3F251F921A00964D8D /* BirthdaySetting.swift */ = {isa = PBXFileReference; lastKnownFileType = sourcecode.swift; path = BirthdaySetting.swift; sourceTree = "<group>"; };
		AB260A47251F9A6B00964D8D /* Checksettings.swift */ = {isa = PBXFileReference; lastKnownFileType = sourcecode.swift; path = Checksettings.swift; sourceTree = "<group>"; };
		ABD4987C251E2C950067AD73 /* Resns.app */ = {isa = PBXFileReference; explicitFileType = wrapper.application; includeInIndex = 0; path = Resns.app; sourceTree = BUILT_PRODUCTS_DIR; };
		ABD4987F251E2C950067AD73 /* AppDelegate.swift */ = {isa = PBXFileReference; lastKnownFileType = sourcecode.swift; path = AppDelegate.swift; sourceTree = "<group>"; };
		ABD49881251E2C950067AD73 /* SceneDelegate.swift */ = {isa = PBXFileReference; lastKnownFileType = sourcecode.swift; path = SceneDelegate.swift; sourceTree = "<group>"; };
		ABD49883251E2C950067AD73 /* ViewController.swift */ = {isa = PBXFileReference; lastKnownFileType = sourcecode.swift; path = ViewController.swift; sourceTree = "<group>"; };
		ABD49886251E2C950067AD73 /* Base */ = {isa = PBXFileReference; lastKnownFileType = file.storyboard; name = Base; path = Base.lproj/Main.storyboard; sourceTree = "<group>"; };
		ABD49888251E2C960067AD73 /* Assets.xcassets */ = {isa = PBXFileReference; lastKnownFileType = folder.assetcatalog; path = Assets.xcassets; sourceTree = "<group>"; };
		ABD4988B251E2C960067AD73 /* Base */ = {isa = PBXFileReference; lastKnownFileType = file.storyboard; name = Base; path = Base.lproj/LaunchScreen.storyboard; sourceTree = "<group>"; };
		ABD4988D251E2C960067AD73 /* Info.plist */ = {isa = PBXFileReference; lastKnownFileType = text.plist.xml; path = Info.plist; sourceTree = "<group>"; };
		ABD49892251E2C960067AD73 /* ResnsTests.xctest */ = {isa = PBXFileReference; explicitFileType = wrapper.cfbundle; includeInIndex = 0; path = ResnsTests.xctest; sourceTree = BUILT_PRODUCTS_DIR; };
		ABD49896251E2C960067AD73 /* ResnsTests.swift */ = {isa = PBXFileReference; lastKnownFileType = sourcecode.swift; path = ResnsTests.swift; sourceTree = "<group>"; };
		ABD49898251E2C960067AD73 /* Info.plist */ = {isa = PBXFileReference; lastKnownFileType = text.plist.xml; path = Info.plist; sourceTree = "<group>"; };
		ABD4989D251E2C960067AD73 /* ResnsUITests.xctest */ = {isa = PBXFileReference; explicitFileType = wrapper.cfbundle; includeInIndex = 0; path = ResnsUITests.xctest; sourceTree = BUILT_PRODUCTS_DIR; };
		ABD498A1251E2C960067AD73 /* ResnsUITests.swift */ = {isa = PBXFileReference; lastKnownFileType = sourcecode.swift; path = ResnsUITests.swift; sourceTree = "<group>"; };
		ABD498A3251E2C960067AD73 /* Info.plist */ = {isa = PBXFileReference; lastKnownFileType = text.plist.xml; path = Info.plist; sourceTree = "<group>"; };
		D077DB4AF292486DDDEC7DB5 /* Pods_Resns.framework */ = {isa = PBXFileReference; explicitFileType = wrapper.framework; includeInIndex = 0; path = Pods_Resns.framework; sourceTree = BUILT_PRODUCTS_DIR; };
/* End PBXFileReference section */

/* Begin PBXFrameworksBuildPhase section */
		ABD49879251E2C950067AD73 /* Frameworks */ = {
			isa = PBXFrameworksBuildPhase;
			buildActionMask = 2147483647;
			files = (
				BE0A2A6DD949BC5EA963E3B5 /* Pods_Resns.framework in Frameworks */,
			);
			runOnlyForDeploymentPostprocessing = 0;
		};
		ABD4988F251E2C960067AD73 /* Frameworks */ = {
			isa = PBXFrameworksBuildPhase;
			buildActionMask = 2147483647;
			files = (
				7A52841234E07136035E4AB3 /* Pods_ResnsTests.framework in Frameworks */,
			);
			runOnlyForDeploymentPostprocessing = 0;
		};
		ABD4989A251E2C960067AD73 /* Frameworks */ = {
			isa = PBXFrameworksBuildPhase;
			buildActionMask = 2147483647;
			files = (
				E45E3BECECF3372FF728CF26 /* Pods_Resns_ResnsUITests.framework in Frameworks */,
			);
			runOnlyForDeploymentPostprocessing = 0;
		};
/* End PBXFrameworksBuildPhase section */

/* Begin PBXGroup section */
		265DB6C1795C29CD13AA9C94 /* Pods */ = {
			isa = PBXGroup;
			children = (
				1F5D48CA4B93F6D016B454D4 /* Pods-Resns.debug.xcconfig */,
				862CBB58463E5EC7CEE30800 /* Pods-Resns.release.xcconfig */,
				9F109DD5771466BB76D0B9F1 /* Pods-Resns-ResnsUITests.debug.xcconfig */,
				9B479147AD893DDC30196A3C /* Pods-Resns-ResnsUITests.release.xcconfig */,
				8CD948E4A06F5501C498D5A4 /* Pods-ResnsTests.debug.xcconfig */,
				261F136D8DF01CE73F8AB847 /* Pods-ResnsTests.release.xcconfig */,
			);
			path = Pods;
			sourceTree = "<group>";
		};
		ABD49873251E2C950067AD73 = {
			isa = PBXGroup;
			children = (
				ABD4987E251E2C950067AD73 /* Resns */,
				ABD49895251E2C960067AD73 /* ResnsTests */,
				ABD498A0251E2C960067AD73 /* ResnsUITests */,
				ABD4987D251E2C950067AD73 /* Products */,
				265DB6C1795C29CD13AA9C94 /* Pods */,
				FF7B3AF7A860D82725DDEF63 /* Frameworks */,
			);
			sourceTree = "<group>";
		};
		ABD4987D251E2C950067AD73 /* Products */ = {
			isa = PBXGroup;
			children = (
				ABD4987C251E2C950067AD73 /* Resns.app */,
				ABD49892251E2C960067AD73 /* ResnsTests.xctest */,
				ABD4989D251E2C960067AD73 /* ResnsUITests.xctest */,
			);
			name = Products;
			sourceTree = "<group>";
		};
		ABD4987E251E2C950067AD73 /* Resns */ = {
			isa = PBXGroup;
			children = (
				ABD4987F251E2C950067AD73 /* AppDelegate.swift */,
				ABD49881251E2C950067AD73 /* SceneDelegate.swift */,
				ABD49883251E2C950067AD73 /* ViewController.swift */,
				AB260A27251F6E2800964D8D /* Signup.swift */,
				AB260A2F251F7CB200964D8D /* GenreSelect.swift */,
				AB260A37251F917F00964D8D /* GenderSelect.swift */,
				AB260A3F251F921A00964D8D /* BirthdaySetting.swift */,
				AB260A47251F9A6B00964D8D /* Checksettings.swift */,
				ABD49885251E2C950067AD73 /* Main.storyboard */,
				00BC6442252221BB00DE63BC /* GuestList.swift */,
				00BC643D2522209D00DE63BC /* GuestSearch.swift */,
				007D4252252063FC009DF234 /* GuestAcount.swift */,
				007D424D25206047009DF234 /* GuestHome.swift */,
				00EAB175251FDE120081CF96 /* RequestEnd.swift */,
				00EAB170251FDB550081CF96 /* RequestForm.swift */,
				00EAB16B251FD9210081CF96 /* Option.swift */,
				00EAB166251FD28C0081CF96 /* Acount.swift */,
				00EAB159251FCFB40081CF96 /* List.swift */,
				00EAB154251FC18F0081CF96 /* News.swift */,
				00EAB14F251FBBFA0081CF96 /* Search.swift */,
				00EAB14A251FB8750081CF96 /* Home.swift */,
				ABD49888251E2C960067AD73 /* Assets.xcassets */,
				ABD4988A251E2C960067AD73 /* LaunchScreen.storyboard */,
				ABD4988D251E2C960067AD73 /* Info.plist */,
			);
			path = Resns;
			sourceTree = "<group>";
		};
		ABD49895251E2C960067AD73 /* ResnsTests */ = {
			isa = PBXGroup;
			children = (
				ABD49896251E2C960067AD73 /* ResnsTests.swift */,
				ABD49898251E2C960067AD73 /* Info.plist */,
			);
			path = ResnsTests;
			sourceTree = "<group>";
		};
		ABD498A0251E2C960067AD73 /* ResnsUITests */ = {
			isa = PBXGroup;
			children = (
				ABD498A1251E2C960067AD73 /* ResnsUITests.swift */,
				ABD498A3251E2C960067AD73 /* Info.plist */,
			);
			path = ResnsUITests;
			sourceTree = "<group>";
		};
		FF7B3AF7A860D82725DDEF63 /* Frameworks */ = {
			isa = PBXGroup;
			children = (
				D077DB4AF292486DDDEC7DB5 /* Pods_Resns.framework */,
				3EF0468D485BE94E3A9DD23E /* Pods_Resns_ResnsUITests.framework */,
				769996D1C1B9B027A0170A40 /* Pods_ResnsTests.framework */,
			);
			name = Frameworks;
			sourceTree = "<group>";
		};
/* End PBXGroup section */

/* Begin PBXNativeTarget section */
		ABD4987B251E2C950067AD73 /* Resns */ = {
			isa = PBXNativeTarget;
			buildConfigurationList = ABD498A6251E2C960067AD73 /* Build configuration list for PBXNativeTarget "Resns" */;
			buildPhases = (
				E58AAA86F6AE7AD4E30B4A69 /* [CP] Check Pods Manifest.lock */,
				ABD49878251E2C950067AD73 /* Sources */,
				ABD49879251E2C950067AD73 /* Frameworks */,
				ABD4987A251E2C950067AD73 /* Resources */,
				ABE9D471251F0C8C0020D9D9 /* ShellScript */,
			);
			buildRules = (
			);
			dependencies = (
			);
			name = Resns;
			productName = Resns;
			productReference = ABD4987C251E2C950067AD73 /* Resns.app */;
			productType = "com.apple.product-type.application";
		};
		ABD49891251E2C960067AD73 /* ResnsTests */ = {
			isa = PBXNativeTarget;
			buildConfigurationList = ABD498A9251E2C960067AD73 /* Build configuration list for PBXNativeTarget "ResnsTests" */;
			buildPhases = (
				320572809147F05AC2D0F1D5 /* [CP] Check Pods Manifest.lock */,
				ABD4988E251E2C960067AD73 /* Sources */,
				ABD4988F251E2C960067AD73 /* Frameworks */,
				ABD49890251E2C960067AD73 /* Resources */,
			);
			buildRules = (
			);
			dependencies = (
				ABD49894251E2C960067AD73 /* PBXTargetDependency */,
			);
			name = ResnsTests;
			productName = ResnsTests;
			productReference = ABD49892251E2C960067AD73 /* ResnsTests.xctest */;
			productType = "com.apple.product-type.bundle.unit-test";
		};
		ABD4989C251E2C960067AD73 /* ResnsUITests */ = {
			isa = PBXNativeTarget;
			buildConfigurationList = ABD498AC251E2C960067AD73 /* Build configuration list for PBXNativeTarget "ResnsUITests" */;
			buildPhases = (
				7386F0D99DAF53E64A83B53D /* [CP] Check Pods Manifest.lock */,
				ABD49899251E2C960067AD73 /* Sources */,
				ABD4989A251E2C960067AD73 /* Frameworks */,
				ABD4989B251E2C960067AD73 /* Resources */,
				BE127B08F0AB117DA0C17312 /* [CP] Embed Pods Frameworks */,
			);
			buildRules = (
			);
			dependencies = (
				ABD4989F251E2C960067AD73 /* PBXTargetDependency */,
			);
			name = ResnsUITests;
			productName = ResnsUITests;
			productReference = ABD4989D251E2C960067AD73 /* ResnsUITests.xctest */;
			productType = "com.apple.product-type.bundle.ui-testing";
		};
/* End PBXNativeTarget section */

/* Begin PBXProject section */
		ABD49874251E2C950067AD73 /* Project object */ = {
			isa = PBXProject;
			attributes = {
				LastSwiftUpdateCheck = 1200;
				LastUpgradeCheck = 1200;
				TargetAttributes = {
					ABD4987B251E2C950067AD73 = {
						CreatedOnToolsVersion = 12.0;
					};
					ABD49891251E2C960067AD73 = {
						CreatedOnToolsVersion = 12.0;
						TestTargetID = ABD4987B251E2C950067AD73;
					};
					ABD4989C251E2C960067AD73 = {
						CreatedOnToolsVersion = 12.0;
						TestTargetID = ABD4987B251E2C950067AD73;
					};
				};
			};
			buildConfigurationList = ABD49877251E2C950067AD73 /* Build configuration list for PBXProject "Resns" */;
			compatibilityVersion = "Xcode 9.3";
			developmentRegion = en;
			hasScannedForEncodings = 0;
			knownRegions = (
				en,
				Base,
			);
			mainGroup = ABD49873251E2C950067AD73;
			productRefGroup = ABD4987D251E2C950067AD73 /* Products */;
			projectDirPath = "";
			projectRoot = "";
			targets = (
				ABD4987B251E2C950067AD73 /* Resns */,
				ABD49891251E2C960067AD73 /* ResnsTests */,
				ABD4989C251E2C960067AD73 /* ResnsUITests */,
			);
		};
/* End PBXProject section */

/* Begin PBXResourcesBuildPhase section */
		ABD4987A251E2C950067AD73 /* Resources */ = {
			isa = PBXResourcesBuildPhase;
			buildActionMask = 2147483647;
			files = (
				ABD4988C251E2C960067AD73 /* LaunchScreen.storyboard in Resources */,
				ABD49889251E2C960067AD73 /* Assets.xcassets in Resources */,
				ABD49887251E2C950067AD73 /* Main.storyboard in Resources */,
			);
			runOnlyForDeploymentPostprocessing = 0;
		};
		ABD49890251E2C960067AD73 /* Resources */ = {
			isa = PBXResourcesBuildPhase;
			buildActionMask = 2147483647;
			files = (
			);
			runOnlyForDeploymentPostprocessing = 0;
		};
		ABD4989B251E2C960067AD73 /* Resources */ = {
			isa = PBXResourcesBuildPhase;
			buildActionMask = 2147483647;
			files = (
			);
			runOnlyForDeploymentPostprocessing = 0;
		};
/* End PBXResourcesBuildPhase section */

/* Begin PBXShellScriptBuildPhase section */
		320572809147F05AC2D0F1D5 /* [CP] Check Pods Manifest.lock */ = {
			isa = PBXShellScriptBuildPhase;
			buildActionMask = 2147483647;
			files = (
			);
			inputFileListPaths = (
			);
			inputPaths = (
				"${PODS_PODFILE_DIR_PATH}/Podfile.lock",
				"${PODS_ROOT}/Manifest.lock",
			);
			name = "[CP] Check Pods Manifest.lock";
			outputFileListPaths = (
			);
			outputPaths = (
				"$(DERIVED_FILE_DIR)/Pods-ResnsTests-checkManifestLockResult.txt",
			);
			runOnlyForDeploymentPostprocessing = 0;
			shellPath = /bin/sh;
			shellScript = "diff \"${PODS_PODFILE_DIR_PATH}/Podfile.lock\" \"${PODS_ROOT}/Manifest.lock\" > /dev/null\nif [ $? != 0 ] ; then\n    # print error to STDERR\n    echo \"error: The sandbox is not in sync with the Podfile.lock. Run 'pod install' or update your CocoaPods installation.\" >&2\n    exit 1\nfi\n# This output is used by Xcode 'outputs' to avoid re-running this script phase.\necho \"SUCCESS\" > \"${SCRIPT_OUTPUT_FILE_0}\"\n";
			showEnvVarsInLog = 0;
		};
		7386F0D99DAF53E64A83B53D /* [CP] Check Pods Manifest.lock */ = {
			isa = PBXShellScriptBuildPhase;
			buildActionMask = 2147483647;
			files = (
			);
			inputFileListPaths = (
			);
			inputPaths = (
				"${PODS_PODFILE_DIR_PATH}/Podfile.lock",
				"${PODS_ROOT}/Manifest.lock",
			);
			name = "[CP] Check Pods Manifest.lock";
			outputFileListPaths = (
			);
			outputPaths = (
				"$(DERIVED_FILE_DIR)/Pods-Resns-ResnsUITests-checkManifestLockResult.txt",
			);
			runOnlyForDeploymentPostprocessing = 0;
			shellPath = /bin/sh;
			shellScript = "diff \"${PODS_PODFILE_DIR_PATH}/Podfile.lock\" \"${PODS_ROOT}/Manifest.lock\" > /dev/null\nif [ $? != 0 ] ; then\n    # print error to STDERR\n    echo \"error: The sandbox is not in sync with the Podfile.lock. Run 'pod install' or update your CocoaPods installation.\" >&2\n    exit 1\nfi\n# This output is used by Xcode 'outputs' to avoid re-running this script phase.\necho \"SUCCESS\" > \"${SCRIPT_OUTPUT_FILE_0}\"\n";
			showEnvVarsInLog = 0;
		};
		ABE9D471251F0C8C0020D9D9 /* ShellScript */ = {
			isa = PBXShellScriptBuildPhase;
			buildActionMask = 2147483647;
			files = (
			);
			inputFileListPaths = (
			);
			inputPaths = (
			);
			outputFileListPaths = (
			);
			outputPaths = (
			);
			runOnlyForDeploymentPostprocessing = 0;
			shellPath = /bin/sh;
			shellScript = "# Type a script or drag a script file from your workspace to insert its path.\n";
		};
		BE127B08F0AB117DA0C17312 /* [CP] Embed Pods Frameworks */ = {
			isa = PBXShellScriptBuildPhase;
			buildActionMask = 2147483647;
			files = (
			);
			inputFileListPaths = (
				"${PODS_ROOT}/Target Support Files/Pods-Resns-ResnsUITests/Pods-Resns-ResnsUITests-frameworks-${CONFIGURATION}-input-files.xcfilelist",
			);
			name = "[CP] Embed Pods Frameworks";
			outputFileListPaths = (
				"${PODS_ROOT}/Target Support Files/Pods-Resns-ResnsUITests/Pods-Resns-ResnsUITests-frameworks-${CONFIGURATION}-output-files.xcfilelist",
			);
			runOnlyForDeploymentPostprocessing = 0;
			shellPath = /bin/sh;
			shellScript = "\"${PODS_ROOT}/Target Support Files/Pods-Resns-ResnsUITests/Pods-Resns-ResnsUITests-frameworks.sh\"\n";
			showEnvVarsInLog = 0;
		};
		E58AAA86F6AE7AD4E30B4A69 /* [CP] Check Pods Manifest.lock */ = {
			isa = PBXShellScriptBuildPhase;
			buildActionMask = 2147483647;
			files = (
			);
			inputFileListPaths = (
			);
			inputPaths = (
				"${PODS_PODFILE_DIR_PATH}/Podfile.lock",
				"${PODS_ROOT}/Manifest.lock",
			);
			name = "[CP] Check Pods Manifest.lock";
			outputFileListPaths = (
			);
			outputPaths = (
				"$(DERIVED_FILE_DIR)/Pods-Resns-checkManifestLockResult.txt",
			);
			runOnlyForDeploymentPostprocessing = 0;
			shellPath = /bin/sh;
			shellScript = "diff \"${PODS_PODFILE_DIR_PATH}/Podfile.lock\" \"${PODS_ROOT}/Manifest.lock\" > /dev/null\nif [ $? != 0 ] ; then\n    # print error to STDERR\n    echo \"error: The sandbox is not in sync with the Podfile.lock. Run 'pod install' or update your CocoaPods installation.\" >&2\n    exit 1\nfi\n# This output is used by Xcode 'outputs' to avoid re-running this script phase.\necho \"SUCCESS\" > \"${SCRIPT_OUTPUT_FILE_0}\"\n";
			showEnvVarsInLog = 0;
		};
/* End PBXShellScriptBuildPhase section */

/* Begin PBXSourcesBuildPhase section */
		ABD49878251E2C950067AD73 /* Sources */ = {
			isa = PBXSourcesBuildPhase;
			buildActionMask = 2147483647;
			files = (
				007D4253252063FC009DF234 /* GuestAcount.swift in Sources */,
				AB260A40251F921A00964D8D /* BirthdaySetting.swift in Sources */,
				00EAB171251FDB550081CF96 /* RequestForm.swift in Sources */,
				AB260A38251F917F00964D8D /* GenderSelect.swift in Sources */,
				00EAB16C251FD9210081CF96 /* Option.swift in Sources */,
				00BC643E2522209D00DE63BC /* GuestSearch.swift in Sources */,
				ABD49884251E2C950067AD73 /* ViewController.swift in Sources */,
				AB260A28251F6E2800964D8D /* Signup.swift in Sources */,
				00EAB167251FD28C0081CF96 /* Acount.swift in Sources */,
				00EAB14B251FB8750081CF96 /* Home.swift in Sources */,
				00BC6443252221BB00DE63BC /* GuestList.swift in Sources */,
				00EAB15A251FCFB40081CF96 /* List.swift in Sources */,
				AB260A30251F7CB200964D8D /* GenreSelect.swift in Sources */,
				00EAB155251FC18F0081CF96 /* News.swift in Sources */,
				007D424E25206047009DF234 /* GuestHome.swift in Sources */,
				00EAB176251FDE120081CF96 /* RequestEnd.swift in Sources */,
				AB260A48251F9A6B00964D8D /* Checksettings.swift in Sources */,
				00EAB150251FBBFA0081CF96 /* Search.swift in Sources */,
				ABD49880251E2C950067AD73 /* AppDelegate.swift in Sources */,
				ABD49882251E2C950067AD73 /* SceneDelegate.swift in Sources */,
			);
			runOnlyForDeploymentPostprocessing = 0;
		};
		ABD4988E251E2C960067AD73 /* Sources */ = {
			isa = PBXSourcesBuildPhase;
			buildActionMask = 2147483647;
			files = (
				ABD49897251E2C960067AD73 /* ResnsTests.swift in Sources */,
			);
			runOnlyForDeploymentPostprocessing = 0;
		};
		ABD49899251E2C960067AD73 /* Sources */ = {
			isa = PBXSourcesBuildPhase;
			buildActionMask = 2147483647;
			files = (
				ABD498A2251E2C960067AD73 /* ResnsUITests.swift in Sources */,
			);
			runOnlyForDeploymentPostprocessing = 0;
		};
/* End PBXSourcesBuildPhase section */

/* Begin PBXTargetDependency section */
		ABD49894251E2C960067AD73 /* PBXTargetDependency */ = {
			isa = PBXTargetDependency;
			target = ABD4987B251E2C950067AD73 /* Resns */;
			targetProxy = ABD49893251E2C960067AD73 /* PBXContainerItemProxy */;
		};
		ABD4989F251E2C960067AD73 /* PBXTargetDependency */ = {
			isa = PBXTargetDependency;
			target = ABD4987B251E2C950067AD73 /* Resns */;
			targetProxy = ABD4989E251E2C960067AD73 /* PBXContainerItemProxy */;
		};
/* End PBXTargetDependency section */

/* Begin PBXVariantGroup section */
		ABD49885251E2C950067AD73 /* Main.storyboard */ = {
			isa = PBXVariantGroup;
			children = (
				ABD49886251E2C950067AD73 /* Base */,
			);
			name = Main.storyboard;
			sourceTree = "<group>";
		};
		ABD4988A251E2C960067AD73 /* LaunchScreen.storyboard */ = {
			isa = PBXVariantGroup;
			children = (
				ABD4988B251E2C960067AD73 /* Base */,
			);
			name = LaunchScreen.storyboard;
			sourceTree = "<group>";
		};
/* End PBXVariantGroup section */

/* Begin XCBuildConfiguration section */
		ABD498A4251E2C960067AD73 /* Debug */ = {
			isa = XCBuildConfiguration;
			buildSettings = {
				ALWAYS_SEARCH_USER_PATHS = NO;
				CLANG_ANALYZER_NONNULL = YES;
				CLANG_ANALYZER_NUMBER_OBJECT_CONVERSION = YES_AGGRESSIVE;
				CLANG_CXX_LANGUAGE_STANDARD = "gnu++14";
				CLANG_CXX_LIBRARY = "libc++";
				CLANG_ENABLE_MODULES = YES;
				CLANG_ENABLE_OBJC_ARC = YES;
				CLANG_ENABLE_OBJC_WEAK = YES;
				CLANG_WARN_BLOCK_CAPTURE_AUTORELEASING = YES;
				CLANG_WARN_BOOL_CONVERSION = YES;
				CLANG_WARN_COMMA = YES;
				CLANG_WARN_CONSTANT_CONVERSION = YES;
				CLANG_WARN_DEPRECATED_OBJC_IMPLEMENTATIONS = YES;
				CLANG_WARN_DIRECT_OBJC_ISA_USAGE = YES_ERROR;
				CLANG_WARN_DOCUMENTATION_COMMENTS = YES;
				CLANG_WARN_EMPTY_BODY = YES;
				CLANG_WARN_ENUM_CONVERSION = YES;
				CLANG_WARN_INFINITE_RECURSION = YES;
				CLANG_WARN_INT_CONVERSION = YES;
				CLANG_WARN_NON_LITERAL_NULL_CONVERSION = YES;
				CLANG_WARN_OBJC_IMPLICIT_RETAIN_SELF = YES;
				CLANG_WARN_OBJC_LITERAL_CONVERSION = YES;
				CLANG_WARN_OBJC_ROOT_CLASS = YES_ERROR;
				CLANG_WARN_QUOTED_INCLUDE_IN_FRAMEWORK_HEADER = YES;
				CLANG_WARN_RANGE_LOOP_ANALYSIS = YES;
				CLANG_WARN_STRICT_PROTOTYPES = YES;
				CLANG_WARN_SUSPICIOUS_MOVE = YES;
				CLANG_WARN_UNGUARDED_AVAILABILITY = YES_AGGRESSIVE;
				CLANG_WARN_UNREACHABLE_CODE = YES;
				CLANG_WARN__DUPLICATE_METHOD_MATCH = YES;
				COPY_PHASE_STRIP = NO;
				DEBUG_INFORMATION_FORMAT = dwarf;
				ENABLE_STRICT_OBJC_MSGSEND = YES;
				ENABLE_TESTABILITY = YES;
				GCC_C_LANGUAGE_STANDARD = gnu11;
				GCC_DYNAMIC_NO_PIC = NO;
				GCC_NO_COMMON_BLOCKS = YES;
				GCC_OPTIMIZATION_LEVEL = 0;
				GCC_PREPROCESSOR_DEFINITIONS = (
					"DEBUG=1",
					"$(inherited)",
				);
				GCC_WARN_64_TO_32_BIT_CONVERSION = YES;
				GCC_WARN_ABOUT_RETURN_TYPE = YES_ERROR;
				GCC_WARN_UNDECLARED_SELECTOR = YES;
				GCC_WARN_UNINITIALIZED_AUTOS = YES_AGGRESSIVE;
				GCC_WARN_UNUSED_FUNCTION = YES;
				GCC_WARN_UNUSED_VARIABLE = YES;
				IPHONEOS_DEPLOYMENT_TARGET = 14.0;
				MTL_ENABLE_DEBUG_INFO = INCLUDE_SOURCE;
				MTL_FAST_MATH = YES;
				ONLY_ACTIVE_ARCH = YES;
				SDKROOT = iphoneos;
				SWIFT_ACTIVE_COMPILATION_CONDITIONS = DEBUG;
				SWIFT_OPTIMIZATION_LEVEL = "-Onone";
			};
			name = Debug;
		};
		ABD498A5251E2C960067AD73 /* Release */ = {
			isa = XCBuildConfiguration;
			buildSettings = {
				ALWAYS_SEARCH_USER_PATHS = NO;
				CLANG_ANALYZER_NONNULL = YES;
				CLANG_ANALYZER_NUMBER_OBJECT_CONVERSION = YES_AGGRESSIVE;
				CLANG_CXX_LANGUAGE_STANDARD = "gnu++14";
				CLANG_CXX_LIBRARY = "libc++";
				CLANG_ENABLE_MODULES = YES;
				CLANG_ENABLE_OBJC_ARC = YES;
				CLANG_ENABLE_OBJC_WEAK = YES;
				CLANG_WARN_BLOCK_CAPTURE_AUTORELEASING = YES;
				CLANG_WARN_BOOL_CONVERSION = YES;
				CLANG_WARN_COMMA = YES;
				CLANG_WARN_CONSTANT_CONVERSION = YES;
				CLANG_WARN_DEPRECATED_OBJC_IMPLEMENTATIONS = YES;
				CLANG_WARN_DIRECT_OBJC_ISA_USAGE = YES_ERROR;
				CLANG_WARN_DOCUMENTATION_COMMENTS = YES;
				CLANG_WARN_EMPTY_BODY = YES;
				CLANG_WARN_ENUM_CONVERSION = YES;
				CLANG_WARN_INFINITE_RECURSION = YES;
				CLANG_WARN_INT_CONVERSION = YES;
				CLANG_WARN_NON_LITERAL_NULL_CONVERSION = YES;
				CLANG_WARN_OBJC_IMPLICIT_RETAIN_SELF = YES;
				CLANG_WARN_OBJC_LITERAL_CONVERSION = YES;
				CLANG_WARN_OBJC_ROOT_CLASS = YES_ERROR;
				CLANG_WARN_QUOTED_INCLUDE_IN_FRAMEWORK_HEADER = YES;
				CLANG_WARN_RANGE_LOOP_ANALYSIS = YES;
				CLANG_WARN_STRICT_PROTOTYPES = YES;
				CLANG_WARN_SUSPICIOUS_MOVE = YES;
				CLANG_WARN_UNGUARDED_AVAILABILITY = YES_AGGRESSIVE;
				CLANG_WARN_UNREACHABLE_CODE = YES;
				CLANG_WARN__DUPLICATE_METHOD_MATCH = YES;
				COPY_PHASE_STRIP = NO;
				DEBUG_INFORMATION_FORMAT = "dwarf-with-dsym";
				ENABLE_NS_ASSERTIONS = NO;
				ENABLE_STRICT_OBJC_MSGSEND = YES;
				GCC_C_LANGUAGE_STANDARD = gnu11;
				GCC_NO_COMMON_BLOCKS = YES;
				GCC_WARN_64_TO_32_BIT_CONVERSION = YES;
				GCC_WARN_ABOUT_RETURN_TYPE = YES_ERROR;
				GCC_WARN_UNDECLARED_SELECTOR = YES;
				GCC_WARN_UNINITIALIZED_AUTOS = YES_AGGRESSIVE;
				GCC_WARN_UNUSED_FUNCTION = YES;
				GCC_WARN_UNUSED_VARIABLE = YES;
				IPHONEOS_DEPLOYMENT_TARGET = 14.0;
				MTL_ENABLE_DEBUG_INFO = NO;
				MTL_FAST_MATH = YES;
				SDKROOT = iphoneos;
				SWIFT_COMPILATION_MODE = wholemodule;
				SWIFT_OPTIMIZATION_LEVEL = "-O";
				VALIDATE_PRODUCT = YES;
			};
			name = Release;
		};
		ABD498A7251E2C960067AD73 /* Debug */ = {
			isa = XCBuildConfiguration;
			baseConfigurationReference = 1F5D48CA4B93F6D016B454D4 /* Pods-Resns.debug.xcconfig */;
			buildSettings = {
				ASSETCATALOG_COMPILER_APPICON_NAME = AppIcon;
				ASSETCATALOG_COMPILER_GLOBAL_ACCENT_COLOR_NAME = AccentColor;
				CODE_SIGN_STYLE = Automatic;
				DEVELOPMENT_TEAM = 96HRR7LBPW;
				INFOPLIST_FILE = Resns/Info.plist;
				LD_RUNPATH_SEARCH_PATHS = (
					"$(inherited)",
					"@executable_path/Frameworks",
				);
				PRODUCT_BUNDLE_IDENTIFIER = miraikeitai.Resns;
				PRODUCT_NAME = "$(TARGET_NAME)";
				SWIFT_VERSION = 5.0;
				TARGETED_DEVICE_FAMILY = "1,2";
			};
			name = Debug;
		};
		ABD498A8251E2C960067AD73 /* Release */ = {
			isa = XCBuildConfiguration;
			baseConfigurationReference = 862CBB58463E5EC7CEE30800 /* Pods-Resns.release.xcconfig */;
			buildSettings = {
				ASSETCATALOG_COMPILER_APPICON_NAME = AppIcon;
				ASSETCATALOG_COMPILER_GLOBAL_ACCENT_COLOR_NAME = AccentColor;
				CODE_SIGN_STYLE = Automatic;
				DEVELOPMENT_TEAM = 96HRR7LBPW;
				INFOPLIST_FILE = Resns/Info.plist;
				LD_RUNPATH_SEARCH_PATHS = (
					"$(inherited)",
					"@executable_path/Frameworks",
				);
				PRODUCT_BUNDLE_IDENTIFIER = miraikeitai.Resns;
				PRODUCT_NAME = "$(TARGET_NAME)";
				SWIFT_VERSION = 5.0;
				TARGETED_DEVICE_FAMILY = "1,2";
			};
			name = Release;
		};
		ABD498AA251E2C960067AD73 /* Debug */ = {
			isa = XCBuildConfiguration;
			baseConfigurationReference = 8CD948E4A06F5501C498D5A4 /* Pods-ResnsTests.debug.xcconfig */;
			buildSettings = {
				ALWAYS_EMBED_SWIFT_STANDARD_LIBRARIES = YES;
				BUNDLE_LOADER = "$(TEST_HOST)";
				CODE_SIGN_STYLE = Automatic;
				DEVELOPMENT_TEAM = 96HRR7LBPW;
				INFOPLIST_FILE = ResnsTests/Info.plist;
				IPHONEOS_DEPLOYMENT_TARGET = 14.0;
				LD_RUNPATH_SEARCH_PATHS = (
					"$(inherited)",
					"@executable_path/Frameworks",
					"@loader_path/Frameworks",
				);
				PRODUCT_BUNDLE_IDENTIFIER = miraikeitai.ResnsTests;
				PRODUCT_NAME = "$(TARGET_NAME)";
				SWIFT_VERSION = 5.0;
				TARGETED_DEVICE_FAMILY = "1,2";
				TEST_HOST = "$(BUILT_PRODUCTS_DIR)/Resns.app/Resns";
			};
			name = Debug;
		};
		ABD498AB251E2C960067AD73 /* Release */ = {
			isa = XCBuildConfiguration;
			baseConfigurationReference = 261F136D8DF01CE73F8AB847 /* Pods-ResnsTests.release.xcconfig */;
			buildSettings = {
				ALWAYS_EMBED_SWIFT_STANDARD_LIBRARIES = YES;
				BUNDLE_LOADER = "$(TEST_HOST)";
				CODE_SIGN_STYLE = Automatic;
				DEVELOPMENT_TEAM = 96HRR7LBPW;
				INFOPLIST_FILE = ResnsTests/Info.plist;
				IPHONEOS_DEPLOYMENT_TARGET = 14.0;
				LD_RUNPATH_SEARCH_PATHS = (
					"$(inherited)",
					"@executable_path/Frameworks",
					"@loader_path/Frameworks",
				);
				PRODUCT_BUNDLE_IDENTIFIER = miraikeitai.ResnsTests;
				PRODUCT_NAME = "$(TARGET_NAME)";
				SWIFT_VERSION = 5.0;
				TARGETED_DEVICE_FAMILY = "1,2";
				TEST_HOST = "$(BUILT_PRODUCTS_DIR)/Resns.app/Resns";
			};
			name = Release;
		};
		ABD498AD251E2C960067AD73 /* Debug */ = {
			isa = XCBuildConfiguration;
			baseConfigurationReference = 9F109DD5771466BB76D0B9F1 /* Pods-Resns-ResnsUITests.debug.xcconfig */;
			buildSettings = {
				ALWAYS_EMBED_SWIFT_STANDARD_LIBRARIES = YES;
				CODE_SIGN_STYLE = Automatic;
				DEVELOPMENT_TEAM = 96HRR7LBPW;
				INFOPLIST_FILE = ResnsUITests/Info.plist;
				LD_RUNPATH_SEARCH_PATHS = (
					"$(inherited)",
					"@executable_path/Frameworks",
					"@loader_path/Frameworks",
				);
				PRODUCT_BUNDLE_IDENTIFIER = miraikeitai.ResnsUITests;
				PRODUCT_NAME = "$(TARGET_NAME)";
				SWIFT_VERSION = 5.0;
				TARGETED_DEVICE_FAMILY = "1,2";
				TEST_TARGET_NAME = Resns;
			};
			name = Debug;
		};
		ABD498AE251E2C960067AD73 /* Release */ = {
			isa = XCBuildConfiguration;
			baseConfigurationReference = 9B479147AD893DDC30196A3C /* Pods-Resns-ResnsUITests.release.xcconfig */;
			buildSettings = {
				ALWAYS_EMBED_SWIFT_STANDARD_LIBRARIES = YES;
				CODE_SIGN_STYLE = Automatic;
				DEVELOPMENT_TEAM = 96HRR7LBPW;
				INFOPLIST_FILE = ResnsUITests/Info.plist;
				LD_RUNPATH_SEARCH_PATHS = (
					"$(inherited)",
					"@executable_path/Frameworks",
					"@loader_path/Frameworks",
				);
				PRODUCT_BUNDLE_IDENTIFIER = miraikeitai.ResnsUITests;
				PRODUCT_NAME = "$(TARGET_NAME)";
				SWIFT_VERSION = 5.0;
				TARGETED_DEVICE_FAMILY = "1,2";
				TEST_TARGET_NAME = Resns;
			};
			name = Release;
		};
/* End XCBuildConfiguration section */

/* Begin XCConfigurationList section */
		ABD49877251E2C950067AD73 /* Build configuration list for PBXProject "Resns" */ = {
			isa = XCConfigurationList;
			buildConfigurations = (
				ABD498A4251E2C960067AD73 /* Debug */,
				ABD498A5251E2C960067AD73 /* Release */,
			);
			defaultConfigurationIsVisible = 0;
			defaultConfigurationName = Release;
		};
		ABD498A6251E2C960067AD73 /* Build configuration list for PBXNativeTarget "Resns" */ = {
			isa = XCConfigurationList;
			buildConfigurations = (
				ABD498A7251E2C960067AD73 /* Debug */,
				ABD498A8251E2C960067AD73 /* Release */,
			);
			defaultConfigurationIsVisible = 0;
			defaultConfigurationName = Release;
		};
		ABD498A9251E2C960067AD73 /* Build configuration list for PBXNativeTarget "ResnsTests" */ = {
			isa = XCConfigurationList;
			buildConfigurations = (
				ABD498AA251E2C960067AD73 /* Debug */,
				ABD498AB251E2C960067AD73 /* Release */,
			);
			defaultConfigurationIsVisible = 0;
			defaultConfigurationName = Release;
		};
		ABD498AC251E2C960067AD73 /* Build configuration list for PBXNativeTarget "ResnsUITests" */ = {
			isa = XCConfigurationList;
			buildConfigurations = (
				ABD498AD251E2C960067AD73 /* Debug */,
				ABD498AE251E2C960067AD73 /* Release */,
			);
			defaultConfigurationIsVisible = 0;
			defaultConfigurationName = Release;
		};
/* End XCConfigurationList section */
	};
	rootObject = ABD49874251E2C950067AD73 /* Project object */;
}
