// !$*UTF8*$!
{
	archiveVersion = 1;
	classes = {
	};
	objectVersion = 51;
	objects = {

/* Begin PBXBuildFile section */
		00053E7B256B29F8007B3A3B /* StartViewController.swift in Sources */ = {isa = PBXBuildFile; fileRef = 00053E7A256B29F8007B3A3B /* StartViewController.swift */; };
		00053E7E256B2FF7007B3A3B /* Start.storyboard in Resources */ = {isa = PBXBuildFile; fileRef = 00053E7D256B2FF7007B3A3B /* Start.storyboard */; };
		0038A5BB2563E49D00CF7F39 /* Model.swift in Sources */ = {isa = PBXBuildFile; fileRef = 0038A5BA2563E49D00CF7F39 /* Model.swift */; };
		0038A5BE2563E5C700CF7F39 /* News.storyboard in Resources */ = {isa = PBXBuildFile; fileRef = 0038A5BD2563E5C600CF7F39 /* News.storyboard */; };
		0038AD8D254C1AF000AA77CE /* GenreSelect.storyboard in Resources */ = {isa = PBXBuildFile; fileRef = 0038AD8C254C1AF000AA77CE /* GenreSelect.storyboard */; };
		0038ADA8254D922300AA77CE /* ProfileCheckViewController.swift in Sources */ = {isa = PBXBuildFile; fileRef = 0038ADA4254D922300AA77CE /* ProfileCheckViewController.swift */; };
		0038ADA9254D922300AA77CE /* SexualViewController.swift in Sources */ = {isa = PBXBuildFile; fileRef = 0038ADA5254D922300AA77CE /* SexualViewController.swift */; };
		0038ADAB254D922300AA77CE /* AgeViewController.swift in Sources */ = {isa = PBXBuildFile; fileRef = 0038ADA7254D922300AA77CE /* AgeViewController.swift */; };
		0038ADAE254D924400AA77CE /* Sexual.storyboard in Resources */ = {isa = PBXBuildFile; fileRef = 0038ADAD254D924400AA77CE /* Sexual.storyboard */; };
		0038ADB2254D969E00AA77CE /* Age.storyboard in Resources */ = {isa = PBXBuildFile; fileRef = 0038ADB1254D969E00AA77CE /* Age.storyboard */; };
		0038ADB9254EDA4600AA77CE /* ProfileCheckSelect.storyboard in Resources */ = {isa = PBXBuildFile; fileRef = 0038ADB8254EDA4600AA77CE /* ProfileCheckSelect.storyboard */; };
		007BE11F25471803001203EF /* Home.storyboard in Resources */ = {isa = PBXBuildFile; fileRef = 007BE11E25471803001203EF /* Home.storyboard */; };
		009A6621255B1CF700C2C337 /* News3ViewController.swift in Sources */ = {isa = PBXBuildFile; fileRef = 009A6620255B1CF700C2C337 /* News3ViewController.swift */; };
		009A6630255B1F3F00C2C337 /* News3.storyboard in Resources */ = {isa = PBXBuildFile; fileRef = 009A662F255B1F3F00C2C337 /* News3.storyboard */; };
		00CAD66F25CE60D7000EAF31 /* ArticlePresenter7.swift in Sources */ = {isa = PBXBuildFile; fileRef = 00CAD66E25CE60D7000EAF31 /* ArticlePresenter7.swift */; };
		00DDED49255D692800616B4D /* View_readme in Resources */ = {isa = PBXBuildFile; fileRef = 00DDED45255D692800616B4D /* View_readme */; };
		00DDED4A255D692800616B4D /* NewsCollectionViewCell.swift in Sources */ = {isa = PBXBuildFile; fileRef = 00DDED47255D692800616B4D /* NewsCollectionViewCell.swift */; };
		00DDED4B255D692800616B4D /* NewsCollectionViewCell.xib in Resources */ = {isa = PBXBuildFile; fileRef = 00DDED48255D692800616B4D /* NewsCollectionViewCell.xib */; };
		00DDED50255D69A400616B4D /* CommentCollectionViewCell.swift in Sources */ = {isa = PBXBuildFile; fileRef = 00DDED4E255D69A400616B4D /* CommentCollectionViewCell.swift */; };
		00DDED51255D69A400616B4D /* CommentCollectionViewCell.xib in Resources */ = {isa = PBXBuildFile; fileRef = 00DDED4F255D69A400616B4D /* CommentCollectionViewCell.xib */; };
		0D186BFFBB343C40DEDD785D /* Assets.xcassets in Resources */ = {isa = PBXBuildFile; fileRef = EB1586939869D14148BC2CC6 /* Assets.xcassets */; };
		0D38CF5B3B87A833941B33E8 /* AppDelegate.swift in Sources */ = {isa = PBXBuildFile; fileRef = 3C2988CD8C83B6C384A7BF9C /* AppDelegate.swift */; };
		0FBE3A957DC3C664617E8402 /* Pods_Resns.framework in Frameworks */ = {isa = PBXBuildFile; fileRef = 7C6B20CB5C85A74A55478EB8 /* Pods_Resns.framework */; };
		112AC79E0EDFC460B4EE3319 /* MainTabBarController.swift in Sources */ = {isa = PBXBuildFile; fileRef = 39D08FDF50AD848F565BB15E /* MainTabBarController.swift */; };
		13E5E0D2CAEBC74E79244375 /* MainTabBarItems.swift in Sources */ = {isa = PBXBuildFile; fileRef = DA38A36F13834B775FF23FFF /* MainTabBarItems.swift */; };
		1BB2CFCF3CB6C224246D30FF /* UIColorExtension.swift in Sources */ = {isa = PBXBuildFile; fileRef = 3DA8BE5F1EF1BE0AA1590DBA /* UIColorExtension.swift */; };
		1FEC745474DD47DED1EA4D4A /* Model_readme.txt in Resources */ = {isa = PBXBuildFile; fileRef = 0AF12A9DE4919D9737225957 /* Model_readme.txt */; };
		350571287F15959B9014D4A6 /* MainTabBar.storyboard in Resources */ = {isa = PBXBuildFile; fileRef = F778F0DDD9D58F62C9D94161 /* MainTabBar.storyboard */; };
		4DB2B7735FCC489599F1D005 /* UIViewControllerExtension.swift in Sources */ = {isa = PBXBuildFile; fileRef = 155AAF1DF111E240C33DA67E /* UIViewControllerExtension.swift */; };
		67584FF4D297C461D2F2ABA0 /* HomeViewController.swift in Sources */ = {isa = PBXBuildFile; fileRef = 26E7B30A8D5B383D7B3A2A11 /* HomeViewController.swift */; };
		735B36E16694A80E280E9229 /* UICollectionViewExtension.swift in Sources */ = {isa = PBXBuildFile; fileRef = E82C7930A6A4237787E7A538 /* UICollectionViewExtension.swift */; };
		76D871097446E65BEACE03F3 /* ListViewController.swift in Sources */ = {isa = PBXBuildFile; fileRef = 3528748E69AFD8BCDA7B05E0 /* ListViewController.swift */; };
		7DC11DA8555F309D81B537A3 /* NSObjectProtocolExtension.swift in Sources */ = {isa = PBXBuildFile; fileRef = AD89E85D206372DEB4B577A1 /* NSObjectProtocolExtension.swift */; };
		8811EF3E006DB1576E0EDBCF /* AcountViewController.swift in Sources */ = {isa = PBXBuildFile; fileRef = 4D296FFEF7B136E7BD47892C /* AcountViewController.swift */; };
		AB0869802559902D007F2801 /* SearchPresenter.swift in Sources */ = {isa = PBXBuildFile; fileRef = AB08697F2559902D007F2801 /* SearchPresenter.swift */; };
		AB086983255990B5007F2801 /* ArticlesFromTag.graphql in Resources */ = {isa = PBXBuildFile; fileRef = AB086982255990B5007F2801 /* ArticlesFromTag.graphql */; };
		AB5B68352543F9E6000BEC88 /* API.swift in Sources */ = {isa = PBXBuildFile; fileRef = AB5B68342543F9E6000BEC88 /* API.swift */; };
		AB5E08F8255121AA004AA002 /* Presenter.txt in Resources */ = {isa = PBXBuildFile; fileRef = AB5E08F5255121AA004AA002 /* Presenter.txt */; };
		AB5E08F9255121AA004AA002 /* HomePresenter.swift in Sources */ = {isa = PBXBuildFile; fileRef = AB5E08F6255121AA004AA002 /* HomePresenter.swift */; };
		AB5E08FD255123AF004AA002 /* GenreSelectViewController.swift in Sources */ = {isa = PBXBuildFile; fileRef = AB5E08FC255123AF004AA002 /* GenreSelectViewController.swift */; };
		AB80CB3A254247DB0094DB65 /* LaunchScreen.storyboard in Resources */ = {isa = PBXBuildFile; fileRef = AB80CB39254247DB0094DB65 /* LaunchScreen.storyboard */; };
		AB80CB85254344360094DB65 /* Acount.storyboard in Resources */ = {isa = PBXBuildFile; fileRef = AB80CB84254344360094DB65 /* Acount.storyboard */; };
		ABD4DA01254429FD00C0AA64 /* Network.swift in Sources */ = {isa = PBXBuildFile; fileRef = ABD4DA00254429FD00C0AA64 /* Network.swift */; };
		ABD4DA0525442ECC00C0AA64 /* SceneDelegate.swift in Sources */ = {isa = PBXBuildFile; fileRef = ABD4DA0425442ECC00C0AA64 /* SceneDelegate.swift */; };
		B2986E4A90A00DEF71957DD6 /* Search.storyboard in Resources */ = {isa = PBXBuildFile; fileRef = 005168CB48534AA1DE993A25 /* Search.storyboard */; };
		B57CC75EB12EDE5BB9FA1758 /* Articles.graphql in Resources */ = {isa = PBXBuildFile; fileRef = 8DC1D138689C2356A23B7CCE /* Articles.graphql */; };
		BD117BEAC6806EA123BF9854 /* MainTabBarAnimations.swift in Sources */ = {isa = PBXBuildFile; fileRef = 1CAE26F211A05289EC9673C5 /* MainTabBarAnimations.swift */; };
		C8EEBCCF4178F3D45176461F /* UITableViewExtension.swift in Sources */ = {isa = PBXBuildFile; fileRef = 2258CC787D95D2F794AF07C3 /* UITableViewExtension.swift */; };
		D11CD5F7903B3D91F45206F7 /* SearchViewController.swift in Sources */ = {isa = PBXBuildFile; fileRef = 35F439B5FFB5818E884413A3 /* SearchViewController.swift */; };
		D44E471172B150CB638FC806 /* Signup.graphql in Resources */ = {isa = PBXBuildFile; fileRef = D0A52DE63EAA7F80C22E0132 /* Signup.graphql */; };
		E85613C080605AD43A72A928 /* List.storyboard in Resources */ = {isa = PBXBuildFile; fileRef = 51CEDCCB79F78610C8E3C59D /* List.storyboard */; };
/* End PBXBuildFile section */

/* Begin PBXFileReference section */
		00053E7A256B29F8007B3A3B /* StartViewController.swift */ = {isa = PBXFileReference; lastKnownFileType = sourcecode.swift; path = StartViewController.swift; sourceTree = "<group>"; };
		00053E7D256B2FF7007B3A3B /* Start.storyboard */ = {isa = PBXFileReference; lastKnownFileType = file.storyboard; path = Start.storyboard; sourceTree = "<group>"; };
		0038A5BA2563E49D00CF7F39 /* Model.swift */ = {isa = PBXFileReference; lastKnownFileType = sourcecode.swift; path = Model.swift; sourceTree = "<group>"; };
		0038A5BD2563E5C600CF7F39 /* News.storyboard */ = {isa = PBXFileReference; fileEncoding = 4; lastKnownFileType = file.storyboard; path = News.storyboard; sourceTree = "<group>"; };
		0038AD8C254C1AF000AA77CE /* GenreSelect.storyboard */ = {isa = PBXFileReference; lastKnownFileType = file.storyboard; path = GenreSelect.storyboard; sourceTree = "<group>"; };
		0038ADA4254D922300AA77CE /* ProfileCheckViewController.swift */ = {isa = PBXFileReference; fileEncoding = 4; lastKnownFileType = sourcecode.swift; path = ProfileCheckViewController.swift; sourceTree = "<group>"; };
		0038ADA5254D922300AA77CE /* SexualViewController.swift */ = {isa = PBXFileReference; fileEncoding = 4; lastKnownFileType = sourcecode.swift; path = SexualViewController.swift; sourceTree = "<group>"; };
		0038ADA7254D922300AA77CE /* AgeViewController.swift */ = {isa = PBXFileReference; fileEncoding = 4; lastKnownFileType = sourcecode.swift; path = AgeViewController.swift; sourceTree = "<group>"; };
		0038ADAD254D924400AA77CE /* Sexual.storyboard */ = {isa = PBXFileReference; fileEncoding = 4; lastKnownFileType = file.storyboard; path = Sexual.storyboard; sourceTree = "<group>"; };
		0038ADB1254D969E00AA77CE /* Age.storyboard */ = {isa = PBXFileReference; lastKnownFileType = file.storyboard; path = Age.storyboard; sourceTree = "<group>"; };
		0038ADB8254EDA4600AA77CE /* ProfileCheckSelect.storyboard */ = {isa = PBXFileReference; lastKnownFileType = file.storyboard; path = ProfileCheckSelect.storyboard; sourceTree = "<group>"; };
		005168CB48534AA1DE993A25 /* Search.storyboard */ = {isa = PBXFileReference; lastKnownFileType = file.storyboard; path = Search.storyboard; sourceTree = "<group>"; };
		007BE11E25471803001203EF /* Home.storyboard */ = {isa = PBXFileReference; lastKnownFileType = file.storyboard; path = Home.storyboard; sourceTree = "<group>"; };
		009A6620255B1CF700C2C337 /* News3ViewController.swift */ = {isa = PBXFileReference; lastKnownFileType = sourcecode.swift; path = News3ViewController.swift; sourceTree = "<group>"; };
		009A662F255B1F3F00C2C337 /* News3.storyboard */ = {isa = PBXFileReference; lastKnownFileType = file.storyboard; path = News3.storyboard; sourceTree = "<group>"; };
		00CAD66E25CE60D7000EAF31 /* ArticlePresenter7.swift */ = {isa = PBXFileReference; lastKnownFileType = sourcecode.swift; path = ArticlePresenter7.swift; sourceTree = "<group>"; };
		00DDED45255D692800616B4D /* View_readme */ = {isa = PBXFileReference; fileEncoding = 4; lastKnownFileType = text; path = View_readme; sourceTree = "<group>"; };
		00DDED47255D692800616B4D /* NewsCollectionViewCell.swift */ = {isa = PBXFileReference; fileEncoding = 4; lastKnownFileType = sourcecode.swift; path = NewsCollectionViewCell.swift; sourceTree = "<group>"; };
		00DDED48255D692800616B4D /* NewsCollectionViewCell.xib */ = {isa = PBXFileReference; fileEncoding = 4; lastKnownFileType = file.xib; path = NewsCollectionViewCell.xib; sourceTree = "<group>"; };
		00DDED4E255D69A400616B4D /* CommentCollectionViewCell.swift */ = {isa = PBXFileReference; lastKnownFileType = sourcecode.swift; path = CommentCollectionViewCell.swift; sourceTree = "<group>"; };
		00DDED4F255D69A400616B4D /* CommentCollectionViewCell.xib */ = {isa = PBXFileReference; lastKnownFileType = file.xib; path = CommentCollectionViewCell.xib; sourceTree = "<group>"; };
		0AF12A9DE4919D9737225957 /* Model_readme.txt */ = {isa = PBXFileReference; lastKnownFileType = text; path = Model_readme.txt; sourceTree = "<group>"; };
		155AAF1DF111E240C33DA67E /* UIViewControllerExtension.swift */ = {isa = PBXFileReference; lastKnownFileType = sourcecode.swift; path = UIViewControllerExtension.swift; sourceTree = "<group>"; };
		15A8DB1CCC2D50C8847DFEED /* Pods-Resns.release.xcconfig */ = {isa = PBXFileReference; includeInIndex = 1; lastKnownFileType = text.xcconfig; name = "Pods-Resns.release.xcconfig"; path = "Target Support Files/Pods-Resns/Pods-Resns.release.xcconfig"; sourceTree = "<group>"; };
		1CAE26F211A05289EC9673C5 /* MainTabBarAnimations.swift */ = {isa = PBXFileReference; lastKnownFileType = sourcecode.swift; path = MainTabBarAnimations.swift; sourceTree = "<group>"; };
		20C623C79F632115449104E8 /* Storyboard_readme */ = {isa = PBXFileReference; lastKnownFileType = text; path = Storyboard_readme; sourceTree = "<group>"; };
		2258CC787D95D2F794AF07C3 /* UITableViewExtension.swift */ = {isa = PBXFileReference; lastKnownFileType = sourcecode.swift; path = UITableViewExtension.swift; sourceTree = "<group>"; };
		26E7B30A8D5B383D7B3A2A11 /* HomeViewController.swift */ = {isa = PBXFileReference; lastKnownFileType = sourcecode.swift; path = HomeViewController.swift; sourceTree = "<group>"; };
		3528748E69AFD8BCDA7B05E0 /* ListViewController.swift */ = {isa = PBXFileReference; lastKnownFileType = sourcecode.swift; path = ListViewController.swift; sourceTree = "<group>"; };
		35F439B5FFB5818E884413A3 /* SearchViewController.swift */ = {isa = PBXFileReference; lastKnownFileType = sourcecode.swift; path = SearchViewController.swift; sourceTree = "<group>"; };
		36180B377DC661F432BE88FF /* Info.plist */ = {isa = PBXFileReference; lastKnownFileType = text.plist; path = Info.plist; sourceTree = "<group>"; };
		39D08FDF50AD848F565BB15E /* MainTabBarController.swift */ = {isa = PBXFileReference; lastKnownFileType = sourcecode.swift; path = MainTabBarController.swift; sourceTree = "<group>"; };
		3C2988CD8C83B6C384A7BF9C /* AppDelegate.swift */ = {isa = PBXFileReference; lastKnownFileType = sourcecode.swift; path = AppDelegate.swift; sourceTree = "<group>"; };
		3DA8BE5F1EF1BE0AA1590DBA /* UIColorExtension.swift */ = {isa = PBXFileReference; lastKnownFileType = sourcecode.swift; path = UIColorExtension.swift; sourceTree = "<group>"; };
		4D296FFEF7B136E7BD47892C /* AcountViewController.swift */ = {isa = PBXFileReference; lastKnownFileType = sourcecode.swift; path = AcountViewController.swift; sourceTree = "<group>"; };
		51CEDCCB79F78610C8E3C59D /* List.storyboard */ = {isa = PBXFileReference; lastKnownFileType = file.storyboard; path = List.storyboard; sourceTree = "<group>"; };
		7C6B20CB5C85A74A55478EB8 /* Pods_Resns.framework */ = {isa = PBXFileReference; explicitFileType = wrapper.framework; includeInIndex = 0; path = Pods_Resns.framework; sourceTree = BUILT_PRODUCTS_DIR; };
		8209A772B76D0F0A4A5C4263 /* Enum_readme */ = {isa = PBXFileReference; lastKnownFileType = text; path = Enum_readme; sourceTree = "<group>"; };
		8DC1D138689C2356A23B7CCE /* Articles.graphql */ = {isa = PBXFileReference; lastKnownFileType = text; path = Articles.graphql; sourceTree = "<group>"; };
		A974E45F9904BE0C3DBC2928 /* Pods-Resns.debug.xcconfig */ = {isa = PBXFileReference; includeInIndex = 1; lastKnownFileType = text.xcconfig; name = "Pods-Resns.debug.xcconfig"; path = "Target Support Files/Pods-Resns/Pods-Resns.debug.xcconfig"; sourceTree = "<group>"; };
		AB08697F2559902D007F2801 /* SearchPresenter.swift */ = {isa = PBXFileReference; lastKnownFileType = sourcecode.swift; path = SearchPresenter.swift; sourceTree = "<group>"; };
		AB086982255990B5007F2801 /* ArticlesFromTag.graphql */ = {isa = PBXFileReference; lastKnownFileType = text; path = ArticlesFromTag.graphql; sourceTree = "<group>"; };
		AB5B68322543F8A4000BEC88 /* schema.json */ = {isa = PBXFileReference; lastKnownFileType = text.json; path = schema.json; sourceTree = "<group>"; };
		AB5B68342543F9E6000BEC88 /* API.swift */ = {isa = PBXFileReference; fileEncoding = 4; lastKnownFileType = sourcecode.swift; path = API.swift; sourceTree = "<group>"; };
		AB5E08F5255121AA004AA002 /* Presenter.txt */ = {isa = PBXFileReference; fileEncoding = 4; lastKnownFileType = text; path = Presenter.txt; sourceTree = "<group>"; };
		AB5E08F6255121AA004AA002 /* HomePresenter.swift */ = {isa = PBXFileReference; fileEncoding = 4; lastKnownFileType = sourcecode.swift; path = HomePresenter.swift; sourceTree = "<group>"; };
		AB5E08FC255123AF004AA002 /* GenreSelectViewController.swift */ = {isa = PBXFileReference; fileEncoding = 4; lastKnownFileType = sourcecode.swift; path = GenreSelectViewController.swift; sourceTree = "<group>"; };
		AB80CB39254247DB0094DB65 /* LaunchScreen.storyboard */ = {isa = PBXFileReference; lastKnownFileType = file.storyboard; path = LaunchScreen.storyboard; sourceTree = "<group>"; };
		AB80CB84254344360094DB65 /* Acount.storyboard */ = {isa = PBXFileReference; lastKnownFileType = file.storyboard; path = Acount.storyboard; sourceTree = "<group>"; };
		ABD01AB025455A9400139492 /* Article.graphql */ = {isa = PBXFileReference; lastKnownFileType = text; path = Article.graphql; sourceTree = "<group>"; };
		ABD4DA00254429FD00C0AA64 /* Network.swift */ = {isa = PBXFileReference; fileEncoding = 4; lastKnownFileType = sourcecode.swift; name = Network.swift; path = Resns/Network.swift; sourceTree = SOURCE_ROOT; };
		ABD4DA0425442ECC00C0AA64 /* SceneDelegate.swift */ = {isa = PBXFileReference; fileEncoding = 4; lastKnownFileType = sourcecode.swift; path = SceneDelegate.swift; sourceTree = "<group>"; };
		AD89E85D206372DEB4B577A1 /* NSObjectProtocolExtension.swift */ = {isa = PBXFileReference; lastKnownFileType = sourcecode.swift; path = NSObjectProtocolExtension.swift; sourceTree = "<group>"; };
		D0A52DE63EAA7F80C22E0132 /* Signup.graphql */ = {isa = PBXFileReference; lastKnownFileType = text; path = Signup.graphql; sourceTree = "<group>"; };
		DA38A36F13834B775FF23FFF /* MainTabBarItems.swift */ = {isa = PBXFileReference; lastKnownFileType = sourcecode.swift; path = MainTabBarItems.swift; sourceTree = "<group>"; };
		E82C7930A6A4237787E7A538 /* UICollectionViewExtension.swift */ = {isa = PBXFileReference; lastKnownFileType = sourcecode.swift; path = UICollectionViewExtension.swift; sourceTree = "<group>"; };
		EB1586939869D14148BC2CC6 /* Assets.xcassets */ = {isa = PBXFileReference; lastKnownFileType = folder.assetcatalog; path = Assets.xcassets; sourceTree = "<group>"; };
		EDDCED646D58809F5B7B63FC /* Storyboard_readme */ = {isa = PBXFileReference; lastKnownFileType = text; path = Storyboard_readme; sourceTree = "<group>"; };
		F778F0DDD9D58F62C9D94161 /* MainTabBar.storyboard */ = {isa = PBXFileReference; lastKnownFileType = file.storyboard; path = MainTabBar.storyboard; sourceTree = "<group>"; };
		FAED7D876F7DB118AA4E9FD9 /* Resns.app */ = {isa = PBXFileReference; explicitFileType = wrapper.application; includeInIndex = 0; path = Resns.app; sourceTree = BUILT_PRODUCTS_DIR; };
/* End PBXFileReference section */

/* Begin PBXFrameworksBuildPhase section */
		F4D8F98BE6D7C4C69CEE61DB /* Frameworks */ = {
			isa = PBXFrameworksBuildPhase;
			buildActionMask = 2147483647;
			files = (
				0FBE3A957DC3C664617E8402 /* Pods_Resns.framework in Frameworks */,
			);
			runOnlyForDeploymentPostprocessing = 0;
		};
/* End PBXFrameworksBuildPhase section */

/* Begin PBXGroup section */
		0038AD87254C1A2200AA77CE /* Login_Before */ = {
			isa = PBXGroup;
			children = (
				0038AD8C254C1AF000AA77CE /* GenreSelect.storyboard */,
				0038ADAD254D924400AA77CE /* Sexual.storyboard */,
				0038ADB1254D969E00AA77CE /* Age.storyboard */,
				0038ADB8254EDA4600AA77CE /* ProfileCheckSelect.storyboard */,
				00053E7D256B2FF7007B3A3B /* Start.storyboard */,
			);
			path = Login_Before;
			sourceTree = "<group>";
		};
		0038ADA3254D922300AA77CE /* Login_Before */ = {
			isa = PBXGroup;
			children = (
				AB5E08FC255123AF004AA002 /* GenreSelectViewController.swift */,
				0038ADA4254D922300AA77CE /* ProfileCheckViewController.swift */,
				0038ADA5254D922300AA77CE /* SexualViewController.swift */,
				0038ADA7254D922300AA77CE /* AgeViewController.swift */,
				00053E7A256B29F8007B3A3B /* StartViewController.swift */,
			);
			path = Login_Before;
			sourceTree = "<group>";
		};
		007BE1032545E164001203EF /* News */ = {
			isa = PBXGroup;
			children = (
				009A6620255B1CF700C2C337 /* News3ViewController.swift */,
			);
			path = News;
			sourceTree = "<group>";
		};
		007BE1122545ECCD001203EF /* News */ = {
			isa = PBXGroup;
			children = (
				0038A5BD2563E5C600CF7F39 /* News.storyboard */,
				009A662F255B1F3F00C2C337 /* News3.storyboard */,
			);
			path = News;
			sourceTree = "<group>";
		};
		00DDED44255D692800616B4D /* View */ = {
			isa = PBXGroup;
			children = (
				00DDED45255D692800616B4D /* View_readme */,
				00DDED46255D692800616B4D /* Components */,
			);
			name = View;
			path = Resns/View;
			sourceTree = SOURCE_ROOT;
		};
		00DDED46255D692800616B4D /* Components */ = {
			isa = PBXGroup;
			children = (
				00DDED47255D692800616B4D /* NewsCollectionViewCell.swift */,
				00DDED48255D692800616B4D /* NewsCollectionViewCell.xib */,
				00DDED4E255D69A400616B4D /* CommentCollectionViewCell.swift */,
				00DDED4F255D69A400616B4D /* CommentCollectionViewCell.xib */,
				0038A5BA2563E49D00CF7F39 /* Model.swift */,
			);
			path = Components;
			sourceTree = "<group>";
		};
		031DF7418C15601A3D9D673F /* Home */ = {
			isa = PBXGroup;
			children = (
				007BE11E25471803001203EF /* Home.storyboard */,
			);
			path = Home;
			sourceTree = "<group>";
		};
		05BE3CD0ED21F9B179E3FC15 /* Search */ = {
			isa = PBXGroup;
			children = (
				35F439B5FFB5818E884413A3 /* SearchViewController.swift */,
			);
			path = Search;
			sourceTree = "<group>";
		};
		181B4B7D402C928763512159 /* Products */ = {
			isa = PBXGroup;
			children = (
				FAED7D876F7DB118AA4E9FD9 /* Resns.app */,
			);
			name = Products;
			sourceTree = "<group>";
		};
		346FD1291C930B5020D1A3D1 /* Requestform */ = {
			isa = PBXGroup;
			children = (
				AB80CB84254344360094DB65 /* Acount.storyboard */,
			);
			path = Requestform;
			sourceTree = "<group>";
		};
		3DD1446DDDBF2621EF8E4B0B /* Frameworks */ = {
			isa = PBXGroup;
			children = (
				7C6B20CB5C85A74A55478EB8 /* Pods_Resns.framework */,
			);
			name = Frameworks;
			sourceTree = "<group>";
		};
		4B01CF43D9DD996F61801F1B /* Model */ = {
			isa = PBXGroup;
			children = (
				ABD4DA00254429FD00C0AA64 /* Network.swift */,
				0AF12A9DE4919D9737225957 /* Model_readme.txt */,
			);
			path = Model;
			sourceTree = "<group>";
		};
		524BA7A4519B2998E9A564A9 /* Login_After */ = {
			isa = PBXGroup;
			children = (
				007BE1122545ECCD001203EF /* News */,
				AB80CB38254247C60094DB65 /* Launch */,
				031DF7418C15601A3D9D673F /* Home */,
				CC02B4BFE3275C8B80C1FFD3 /* List */,
				346FD1291C930B5020D1A3D1 /* Requestform */,
				8E16EC5175FFB9D1E92933D5 /* Search */,
				BFE4DB02AF6D16DF9A772FDF /* TabBer */,
			);
			path = Login_After;
			sourceTree = "<group>";
		};
		570A413B4DD6C02CD50A2F91 /* Pods */ = {
			isa = PBXGroup;
			children = (
				A974E45F9904BE0C3DBC2928 /* Pods-Resns.debug.xcconfig */,
				15A8DB1CCC2D50C8847DFEED /* Pods-Resns.release.xcconfig */,
			);
			path = Pods;
			sourceTree = "<group>";
		};
		8795E7A0AA7D3AC7A5410C08 = {
			isa = PBXGroup;
			children = (
				FCE42BB4708B9715466247A7 /* Resns */,
				181B4B7D402C928763512159 /* Products */,
				570A413B4DD6C02CD50A2F91 /* Pods */,
				3DD1446DDDBF2621EF8E4B0B /* Frameworks */,
			);
			sourceTree = "<group>";
		};
		8E16EC5175FFB9D1E92933D5 /* Search */ = {
			isa = PBXGroup;
			children = (
				005168CB48534AA1DE993A25 /* Search.storyboard */,
			);
			path = Search;
			sourceTree = "<group>";
		};
		990CC117496B332DED2C5CD6 /* Extensions */ = {
			isa = PBXGroup;
			children = (
				AD89E85D206372DEB4B577A1 /* NSObjectProtocolExtension.swift */,
				E82C7930A6A4237787E7A538 /* UICollectionViewExtension.swift */,
				3DA8BE5F1EF1BE0AA1590DBA /* UIColorExtension.swift */,
				2258CC787D95D2F794AF07C3 /* UITableViewExtension.swift */,
				155AAF1DF111E240C33DA67E /* UIViewControllerExtension.swift */,
			);
			path = Extensions;
			sourceTree = "<group>";
		};
		AB5E08F3255121AA004AA002 /* Presenter */ = {
			isa = PBXGroup;
			children = (
				AB5E08F6255121AA004AA002 /* HomePresenter.swift */,
				AB5E08F5255121AA004AA002 /* Presenter.txt */,
				AB08697F2559902D007F2801 /* SearchPresenter.swift */,
				00CAD66E25CE60D7000EAF31 /* ArticlePresenter7.swift */,
			);
			path = Presenter;
			sourceTree = "<group>";
		};
		AB80CB38254247C60094DB65 /* Launch */ = {
			isa = PBXGroup;
			children = (
				AB80CB39254247DB0094DB65 /* LaunchScreen.storyboard */,
			);
			path = Launch;
			sourceTree = "<group>";
		};
		B30CC9B32223041D224EB579 /* Login_After */ = {
			isa = PBXGroup;
			children = (
				007BE1032545E164001203EF /* News */,
				C39F5C419E51B2995EFABA3B /* Acount */,
				E94BF5825723C8CC7459412A /* Home */,
				F8E7CC69DF4B2F33A621C65B /* List */,
				05BE3CD0ED21F9B179E3FC15 /* Search */,
				CF86CFACCC5AAFA50619FDC1 /* Tabber */,
			);
			path = Login_After;
			sourceTree = "<group>";
		};
		BFE4DB02AF6D16DF9A772FDF /* TabBer */ = {
			isa = PBXGroup;
			children = (
				F778F0DDD9D58F62C9D94161 /* MainTabBar.storyboard */,
			);
			path = TabBer;
			sourceTree = "<group>";
		};
		C39F5C419E51B2995EFABA3B /* Acount */ = {
			isa = PBXGroup;
			children = (
				4D296FFEF7B136E7BD47892C /* AcountViewController.swift */,
			);
			path = Acount;
			sourceTree = "<group>";
		};
		CC02B4BFE3275C8B80C1FFD3 /* List */ = {
			isa = PBXGroup;
			children = (
				51CEDCCB79F78610C8E3C59D /* List.storyboard */,
			);
			path = List;
			sourceTree = "<group>";
		};
		CF86CFACCC5AAFA50619FDC1 /* Tabber */ = {
			isa = PBXGroup;
			children = (
				39D08FDF50AD848F565BB15E /* MainTabBarController.swift */,
			);
			path = Tabber;
			sourceTree = "<group>";
		};
		E94BF5825723C8CC7459412A /* Home */ = {
			isa = PBXGroup;
			children = (
				26E7B30A8D5B383D7B3A2A11 /* HomeViewController.swift */,
			);
			path = Home;
			sourceTree = "<group>";
		};
		F26CEC41BBF5B7F8C7838876 /* ViewController */ = {
			isa = PBXGroup;
			children = (
				0038ADA3254D922300AA77CE /* Login_Before */,
				B30CC9B32223041D224EB579 /* Login_After */,
			);
			path = ViewController;
			sourceTree = "<group>";
		};
		F8762A60502CE5230EBA9ED3 /* Enum */ = {
			isa = PBXGroup;
			children = (
				8209A772B76D0F0A4A5C4263 /* Enum_readme */,
				1CAE26F211A05289EC9673C5 /* MainTabBarAnimations.swift */,
				DA38A36F13834B775FF23FFF /* MainTabBarItems.swift */,
				EDDCED646D58809F5B7B63FC /* Storyboard_readme */,
			);
			path = Enum;
			sourceTree = "<group>";
		};
		F8E7CC69DF4B2F33A621C65B /* List */ = {
			isa = PBXGroup;
			children = (
				3528748E69AFD8BCDA7B05E0 /* ListViewController.swift */,
			);
			path = List;
			sourceTree = "<group>";
		};
		F91A21864EBE0C98C203ADF8 /* Storyborad */ = {
			isa = PBXGroup;
			children = (
				0038AD87254C1A2200AA77CE /* Login_Before */,
				20C623C79F632115449104E8 /* Storyboard_readme */,
				524BA7A4519B2998E9A564A9 /* Login_After */,
			);
			path = Storyborad;
			sourceTree = "<group>";
		};
		FCE42BB4708B9715466247A7 /* Resns */ = {
			isa = PBXGroup;
			children = (
				AB5B68322543F8A4000BEC88 /* schema.json */,
				ABD4DA0425442ECC00C0AA64 /* SceneDelegate.swift */,
				AB5B68342543F9E6000BEC88 /* API.swift */,
				3C2988CD8C83B6C384A7BF9C /* AppDelegate.swift */,
				ABD01AB025455A9400139492 /* Article.graphql */,
				8DC1D138689C2356A23B7CCE /* Articles.graphql */,
				AB086982255990B5007F2801 /* ArticlesFromTag.graphql */,
				D0A52DE63EAA7F80C22E0132 /* Signup.graphql */,
				EB1586939869D14148BC2CC6 /* Assets.xcassets */,
				36180B377DC661F432BE88FF /* Info.plist */,
				00DDED44255D692800616B4D /* View */,
				AB5E08F3255121AA004AA002 /* Presenter */,
				F8762A60502CE5230EBA9ED3 /* Enum */,
				990CC117496B332DED2C5CD6 /* Extensions */,
				4B01CF43D9DD996F61801F1B /* Model */,
				F91A21864EBE0C98C203ADF8 /* Storyborad */,
				F26CEC41BBF5B7F8C7838876 /* ViewController */,
			);
			path = Resns;
			sourceTree = "<group>";
		};
/* End PBXGroup section */

/* Begin PBXNativeTarget section */
		4AF6755E9D5A203A4ACDECD6 /* Resns */ = {
			isa = PBXNativeTarget;
			buildConfigurationList = 436FDC272975B679D1C92CDB /* Build configuration list for PBXNativeTarget "Resns" */;
			buildPhases = (
				AB5B67FA2543ED5B000BEC88 /* Generate Apollo GraphQLAPI */,
				F7A2497D98C2A3E5368DED72 /* [CP] Check Pods Manifest.lock */,
				768EF77910FF49BD69BE4463 /* Sources */,
				14AF7F2A8613025601D42AD9 /* Resources */,
				F4D8F98BE6D7C4C69CEE61DB /* Frameworks */,
				7D481D273E8D87CF0C48686E /* [CP] Embed Pods Frameworks */,
			);
			buildRules = (
			);
			dependencies = (
			);
			name = Resns;
			productName = Resns;
			productReference = FAED7D876F7DB118AA4E9FD9 /* Resns.app */;
			productType = "com.apple.product-type.application";
		};
/* End PBXNativeTarget section */

/* Begin PBXProject section */
		0C01E8E409F6143CC45BE77F /* Project object */ = {
			isa = PBXProject;
			attributes = {
				LastUpgradeCheck = 1200;
			};
			buildConfigurationList = ACE4DC9D143DADBB70332172 /* Build configuration list for PBXProject "Resns" */;
			compatibilityVersion = "Xcode 10.0";
			developmentRegion = en;
			hasScannedForEncodings = 0;
			knownRegions = (
				Base,
				en,
			);
			mainGroup = 8795E7A0AA7D3AC7A5410C08;
			productRefGroup = 181B4B7D402C928763512159 /* Products */;
			projectDirPath = "";
			projectRoot = "";
			targets = (
				4AF6755E9D5A203A4ACDECD6 /* Resns */,
			);
		};
/* End PBXProject section */

/* Begin PBXResourcesBuildPhase section */
		14AF7F2A8613025601D42AD9 /* Resources */ = {
			isa = PBXResourcesBuildPhase;
			buildActionMask = 2147483647;
			files = (
				00DDED49255D692800616B4D /* View_readme in Resources */,
				B57CC75EB12EDE5BB9FA1758 /* Articles.graphql in Resources */,
				00DDED51255D69A400616B4D /* CommentCollectionViewCell.xib in Resources */,
				00053E7E256B2FF7007B3A3B /* Start.storyboard in Resources */,
				0D186BFFBB343C40DEDD785D /* Assets.xcassets in Resources */,
				009A6630255B1F3F00C2C337 /* News3.storyboard in Resources */,
				AB5E08F8255121AA004AA002 /* Presenter.txt in Resources */,
				E85613C080605AD43A72A928 /* List.storyboard in Resources */,
				0038ADB9254EDA4600AA77CE /* ProfileCheckSelect.storyboard in Resources */,
				AB086983255990B5007F2801 /* ArticlesFromTag.graphql in Resources */,
				1FEC745474DD47DED1EA4D4A /* Model_readme.txt in Resources */,
				AB80CB85254344360094DB65 /* Acount.storyboard in Resources */,
				007BE11F25471803001203EF /* Home.storyboard in Resources */,
				B2986E4A90A00DEF71957DD6 /* Search.storyboard in Resources */,
				0038A5BE2563E5C700CF7F39 /* News.storyboard in Resources */,
				D44E471172B150CB638FC806 /* Signup.graphql in Resources */,
				AB80CB3A254247DB0094DB65 /* LaunchScreen.storyboard in Resources */,
				350571287F15959B9014D4A6 /* MainTabBar.storyboard in Resources */,
				0038ADB2254D969E00AA77CE /* Age.storyboard in Resources */,
				0038ADAE254D924400AA77CE /* Sexual.storyboard in Resources */,
				0038AD8D254C1AF000AA77CE /* GenreSelect.storyboard in Resources */,
				00DDED4B255D692800616B4D /* NewsCollectionViewCell.xib in Resources */,
			);
			runOnlyForDeploymentPostprocessing = 0;
		};
/* End PBXResourcesBuildPhase section */

/* Begin PBXShellScriptBuildPhase section */
		7D481D273E8D87CF0C48686E /* [CP] Embed Pods Frameworks */ = {
			isa = PBXShellScriptBuildPhase;
			buildActionMask = 2147483647;
			files = (
			);
			inputFileListPaths = (
				"${PODS_ROOT}/Target Support Files/Pods-Resns/Pods-Resns-frameworks-${CONFIGURATION}-input-files.xcfilelist",
			);
			name = "[CP] Embed Pods Frameworks";
			outputFileListPaths = (
				"${PODS_ROOT}/Target Support Files/Pods-Resns/Pods-Resns-frameworks-${CONFIGURATION}-output-files.xcfilelist",
			);
			runOnlyForDeploymentPostprocessing = 0;
			shellPath = /bin/sh;
			shellScript = "\"${PODS_ROOT}/Target Support Files/Pods-Resns/Pods-Resns-frameworks.sh\"\n";
			showEnvVarsInLog = 0;
		};
		AB5B67FA2543ED5B000BEC88 /* Generate Apollo GraphQLAPI */ = {
			isa = PBXShellScriptBuildPhase;
			buildActionMask = 2147483647;
			files = (
			);
			inputFileListPaths = (
			);
			inputPaths = (
			);
			name = "Generate Apollo GraphQLAPI";
			outputFileListPaths = (
			);
			outputPaths = (
			);
			runOnlyForDeploymentPostprocessing = 0;
			shellPath = /bin/sh;
			shellScript = "SCRIPT_PATH=\"${PODS_ROOT}/Apollo/scripts\"\ncd \"${SRCROOT}/${TARGET_NAME}\"\n\"${SCRIPT_PATH}\"/run-bundled-codegen.sh codegen:generate --target=swift --includes=./**/*.graphql --localSchemaFile=\"schema.json\" API.swift\n#\"${SCRIPT_PATH}\"/run-bundled-codegen.sh schema:download --endpoint=\"https://backend-bff.herokuapp.com/query\"\n";
		};
		F7A2497D98C2A3E5368DED72 /* [CP] Check Pods Manifest.lock */ = {
			isa = PBXShellScriptBuildPhase;
			buildActionMask = 2147483647;
			files = (
			);
			inputFileListPaths = (
			);
			inputPaths = (
				"${PODS_PODFILE_DIR_PATH}/Podfile.lock",
				"${PODS_ROOT}/Manifest.lock",
			);
			name = "[CP] Check Pods Manifest.lock";
			outputFileListPaths = (
			);
			outputPaths = (
				"$(DERIVED_FILE_DIR)/Pods-Resns-checkManifestLockResult.txt",
			);
			runOnlyForDeploymentPostprocessing = 0;
			shellPath = /bin/sh;
			shellScript = "diff \"${PODS_PODFILE_DIR_PATH}/Podfile.lock\" \"${PODS_ROOT}/Manifest.lock\" > /dev/null\nif [ $? != 0 ] ; then\n    # print error to STDERR\n    echo \"error: The sandbox is not in sync with the Podfile.lock. Run 'pod install' or update your CocoaPods installation.\" >&2\n    exit 1\nfi\n# This output is used by Xcode 'outputs' to avoid re-running this script phase.\necho \"SUCCESS\" > \"${SCRIPT_OUTPUT_FILE_0}\"\n";
			showEnvVarsInLog = 0;
		};
/* End PBXShellScriptBuildPhase section */

/* Begin PBXSourcesBuildPhase section */
		768EF77910FF49BD69BE4463 /* Sources */ = {
			isa = PBXSourcesBuildPhase;
			buildActionMask = 2147483647;
			files = (
				8811EF3E006DB1576E0EDBCF /* AcountViewController.swift in Sources */,
				0038ADA9254D922300AA77CE /* SexualViewController.swift in Sources */,
				AB5E08FD255123AF004AA002 /* GenreSelectViewController.swift in Sources */,
				AB5E08F9255121AA004AA002 /* HomePresenter.swift in Sources */,
				0D38CF5B3B87A833941B33E8 /* AppDelegate.swift in Sources */,
				67584FF4D297C461D2F2ABA0 /* HomeViewController.swift in Sources */,
				0038ADAB254D922300AA77CE /* AgeViewController.swift in Sources */,
				AB0869802559902D007F2801 /* SearchPresenter.swift in Sources */,
				0038A5BB2563E49D00CF7F39 /* Model.swift in Sources */,
				76D871097446E65BEACE03F3 /* ListViewController.swift in Sources */,
				BD117BEAC6806EA123BF9854 /* MainTabBarAnimations.swift in Sources */,
				00DDED50255D69A400616B4D /* CommentCollectionViewCell.swift in Sources */,
				112AC79E0EDFC460B4EE3319 /* MainTabBarController.swift in Sources */,
				13E5E0D2CAEBC74E79244375 /* MainTabBarItems.swift in Sources */,
				009A6621255B1CF700C2C337 /* News3ViewController.swift in Sources */,
				7DC11DA8555F309D81B537A3 /* NSObjectProtocolExtension.swift in Sources */,
				ABD4DA01254429FD00C0AA64 /* Network.swift in Sources */,
				D11CD5F7903B3D91F45206F7 /* SearchViewController.swift in Sources */,
				AB5B68352543F9E6000BEC88 /* API.swift in Sources */,
				735B36E16694A80E280E9229 /* UICollectionViewExtension.swift in Sources */,
				00CAD66F25CE60D7000EAF31 /* ArticlePresenter7.swift in Sources */,
				1BB2CFCF3CB6C224246D30FF /* UIColorExtension.swift in Sources */,
				00053E7B256B29F8007B3A3B /* StartViewController.swift in Sources */,
				00DDED4A255D692800616B4D /* NewsCollectionViewCell.swift in Sources */,
				C8EEBCCF4178F3D45176461F /* UITableViewExtension.swift in Sources */,
				0038ADA8254D922300AA77CE /* ProfileCheckViewController.swift in Sources */,
				ABD4DA0525442ECC00C0AA64 /* SceneDelegate.swift in Sources */,
				4DB2B7735FCC489599F1D005 /* UIViewControllerExtension.swift in Sources */,
			);
			runOnlyForDeploymentPostprocessing = 0;
		};
/* End PBXSourcesBuildPhase section */

/* Begin XCBuildConfiguration section */
		274C57C7B52B9173E99D41A6 /* Release */ = {
			isa = XCBuildConfiguration;
			buildSettings = {
				ALWAYS_SEARCH_USER_PATHS = NO;
				CLANG_ANALYZER_NONNULL = YES;
				CLANG_ANALYZER_NUMBER_OBJECT_CONVERSION = YES_AGGRESSIVE;
				CLANG_CXX_LANGUAGE_STANDARD = "gnu++14";
				CLANG_CXX_LIBRARY = "libc++";
				CLANG_ENABLE_MODULES = YES;
				CLANG_ENABLE_OBJC_ARC = YES;
				CLANG_ENABLE_OBJC_WEAK = YES;
				CLANG_WARN_BLOCK_CAPTURE_AUTORELEASING = YES;
				CLANG_WARN_BOOL_CONVERSION = YES;
				CLANG_WARN_COMMA = YES;
				CLANG_WARN_CONSTANT_CONVERSION = YES;
				CLANG_WARN_DEPRECATED_OBJC_IMPLEMENTATIONS = YES;
				CLANG_WARN_DIRECT_OBJC_ISA_USAGE = YES_ERROR;
				CLANG_WARN_DOCUMENTATION_COMMENTS = YES;
				CLANG_WARN_EMPTY_BODY = YES;
				CLANG_WARN_ENUM_CONVERSION = YES;
				CLANG_WARN_INFINITE_RECURSION = YES;
				CLANG_WARN_INT_CONVERSION = YES;
				CLANG_WARN_NON_LITERAL_NULL_CONVERSION = YES;
				CLANG_WARN_OBJC_IMPLICIT_RETAIN_SELF = YES;
				CLANG_WARN_OBJC_LITERAL_CONVERSION = YES;
				CLANG_WARN_OBJC_ROOT_CLASS = YES_ERROR;
				CLANG_WARN_QUOTED_INCLUDE_IN_FRAMEWORK_HEADER = YES;
				CLANG_WARN_RANGE_LOOP_ANALYSIS = YES;
				CLANG_WARN_STRICT_PROTOTYPES = YES;
				CLANG_WARN_SUSPICIOUS_MOVE = YES;
				CLANG_WARN_UNGUARDED_AVAILABILITY = YES_AGGRESSIVE;
				CLANG_WARN_UNREACHABLE_CODE = YES;
				CLANG_WARN__DUPLICATE_METHOD_MATCH = YES;
				COPY_PHASE_STRIP = NO;
				DEBUG_INFORMATION_FORMAT = "dwarf-with-dsym";
				ENABLE_NS_ASSERTIONS = NO;
				ENABLE_STRICT_OBJC_MSGSEND = YES;
				GCC_C_LANGUAGE_STANDARD = gnu11;
				GCC_NO_COMMON_BLOCKS = YES;
				GCC_WARN_64_TO_32_BIT_CONVERSION = YES;
				GCC_WARN_ABOUT_RETURN_TYPE = YES_ERROR;
				GCC_WARN_UNDECLARED_SELECTOR = YES;
				GCC_WARN_UNINITIALIZED_AUTOS = YES_AGGRESSIVE;
				GCC_WARN_UNUSED_FUNCTION = YES;
				GCC_WARN_UNUSED_VARIABLE = YES;
				MTL_ENABLE_DEBUG_INFO = NO;
				MTL_FAST_MATH = YES;
				PRODUCT_NAME = "$(TARGET_NAME)";
				SDKROOT = iphoneos;
				SWIFT_COMPILATION_MODE = wholemodule;
				SWIFT_OPTIMIZATION_LEVEL = "-O";
				SWIFT_VERSION = 5.0;
			};
			name = Release;
		};
		6B21800529BF5A494C262BC1 /* Release */ = {
			isa = XCBuildConfiguration;
			baseConfigurationReference = 15A8DB1CCC2D50C8847DFEED /* Pods-Resns.release.xcconfig */;
			buildSettings = {
				ASSETCATALOG_COMPILER_APPICON_NAME = AppIcon;
				CODE_SIGN_IDENTITY = "Apple Development";
				CODE_SIGN_STYLE = Automatic;
				CURRENT_PROJECT_VERSION = 1;
				DEVELOPMENT_TEAM = 96HRR7LBPW;
				INFOPLIST_FILE = Resns/Info.plist;
				IPHONEOS_DEPLOYMENT_TARGET = 13.0;
				LD_RUNPATH_SEARCH_PATHS = (
					"$(inherited)",
					"@executable_path/Frameworks",
				);
				PRODUCT_BUNDLE_IDENTIFIER = "enPiT2019iP11-01";
				PROVISIONING_PROFILE_SPECIFIER = "";
				SDKROOT = iphoneos;
				TARGETED_DEVICE_FAMILY = "1,2";
			};
			name = Release;
		};
		A53C7B6490116D77D8313C7C /* Debug */ = {
			isa = XCBuildConfiguration;
			baseConfigurationReference = A974E45F9904BE0C3DBC2928 /* Pods-Resns.debug.xcconfig */;
			buildSettings = {
				ASSETCATALOG_COMPILER_APPICON_NAME = AppIcon;
				CODE_SIGN_IDENTITY = "Apple Development";
				CODE_SIGN_STYLE = Automatic;
				CURRENT_PROJECT_VERSION = 1;
				DEVELOPMENT_TEAM = 96HRR7LBPW;
				INFOPLIST_FILE = Resns/Info.plist;
				IPHONEOS_DEPLOYMENT_TARGET = 13.0;
				LD_RUNPATH_SEARCH_PATHS = (
					"$(inherited)",
					"@executable_path/Frameworks",
				);
				PRODUCT_BUNDLE_IDENTIFIER = "enPiT2019iP11-01";
				PROVISIONING_PROFILE_SPECIFIER = "";
				SDKROOT = iphoneos;
				TARGETED_DEVICE_FAMILY = "1,2";
			};
			name = Debug;
		};
		C2A036D441E3422B5898617B /* Debug */ = {
			isa = XCBuildConfiguration;
			buildSettings = {
				ALWAYS_SEARCH_USER_PATHS = NO;
				CLANG_ANALYZER_NONNULL = YES;
				CLANG_ANALYZER_NUMBER_OBJECT_CONVERSION = YES_AGGRESSIVE;
				CLANG_CXX_LANGUAGE_STANDARD = "gnu++14";
				CLANG_CXX_LIBRARY = "libc++";
				CLANG_ENABLE_MODULES = YES;
				CLANG_ENABLE_OBJC_ARC = YES;
				CLANG_ENABLE_OBJC_WEAK = YES;
				CLANG_WARN_BLOCK_CAPTURE_AUTORELEASING = YES;
				CLANG_WARN_BOOL_CONVERSION = YES;
				CLANG_WARN_COMMA = YES;
				CLANG_WARN_CONSTANT_CONVERSION = YES;
				CLANG_WARN_DEPRECATED_OBJC_IMPLEMENTATIONS = YES;
				CLANG_WARN_DIRECT_OBJC_ISA_USAGE = YES_ERROR;
				CLANG_WARN_DOCUMENTATION_COMMENTS = YES;
				CLANG_WARN_EMPTY_BODY = YES;
				CLANG_WARN_ENUM_CONVERSION = YES;
				CLANG_WARN_INFINITE_RECURSION = YES;
				CLANG_WARN_INT_CONVERSION = YES;
				CLANG_WARN_NON_LITERAL_NULL_CONVERSION = YES;
				CLANG_WARN_OBJC_IMPLICIT_RETAIN_SELF = YES;
				CLANG_WARN_OBJC_LITERAL_CONVERSION = YES;
				CLANG_WARN_OBJC_ROOT_CLASS = YES_ERROR;
				CLANG_WARN_QUOTED_INCLUDE_IN_FRAMEWORK_HEADER = YES;
				CLANG_WARN_RANGE_LOOP_ANALYSIS = YES;
				CLANG_WARN_STRICT_PROTOTYPES = YES;
				CLANG_WARN_SUSPICIOUS_MOVE = YES;
				CLANG_WARN_UNGUARDED_AVAILABILITY = YES_AGGRESSIVE;
				CLANG_WARN_UNREACHABLE_CODE = YES;
				CLANG_WARN__DUPLICATE_METHOD_MATCH = YES;
				COPY_PHASE_STRIP = NO;
				DEBUG_INFORMATION_FORMAT = dwarf;
				ENABLE_STRICT_OBJC_MSGSEND = YES;
				ENABLE_TESTABILITY = YES;
				GCC_C_LANGUAGE_STANDARD = gnu11;
				GCC_DYNAMIC_NO_PIC = NO;
				GCC_NO_COMMON_BLOCKS = YES;
				GCC_OPTIMIZATION_LEVEL = 0;
				GCC_PREPROCESSOR_DEFINITIONS = (
					"$(inherited)",
					"DEBUG=1",
				);
				GCC_WARN_64_TO_32_BIT_CONVERSION = YES;
				GCC_WARN_ABOUT_RETURN_TYPE = YES_ERROR;
				GCC_WARN_UNDECLARED_SELECTOR = YES;
				GCC_WARN_UNINITIALIZED_AUTOS = YES_AGGRESSIVE;
				GCC_WARN_UNUSED_FUNCTION = YES;
				GCC_WARN_UNUSED_VARIABLE = YES;
				MTL_ENABLE_DEBUG_INFO = INCLUDE_SOURCE;
				MTL_FAST_MATH = YES;
				ONLY_ACTIVE_ARCH = YES;
				PRODUCT_NAME = "$(TARGET_NAME)";
				SDKROOT = iphoneos;
				SWIFT_ACTIVE_COMPILATION_CONDITIONS = DEBUG;
				SWIFT_OPTIMIZATION_LEVEL = "-Onone";
				SWIFT_VERSION = 5.0;
			};
			name = Debug;
		};
/* End XCBuildConfiguration section */

/* Begin XCConfigurationList section */
		436FDC272975B679D1C92CDB /* Build configuration list for PBXNativeTarget "Resns" */ = {
			isa = XCConfigurationList;
			buildConfigurations = (
				A53C7B6490116D77D8313C7C /* Debug */,
				6B21800529BF5A494C262BC1 /* Release */,
			);
			defaultConfigurationIsVisible = 0;
			defaultConfigurationName = Debug;
		};
		ACE4DC9D143DADBB70332172 /* Build configuration list for PBXProject "Resns" */ = {
			isa = XCConfigurationList;
			buildConfigurations = (
				C2A036D441E3422B5898617B /* Debug */,
				274C57C7B52B9173E99D41A6 /* Release */,
			);
			defaultConfigurationIsVisible = 0;
			defaultConfigurationName = Debug;
		};
/* End XCConfigurationList section */
	};
	rootObject = 0C01E8E409F6143CC45BE77F /* Project object */;
}
